// !$*UTF8*$!
{
	archiveVersion = 1;
	classes = {
	};
	objectVersion = 46;
	objects = {

/* Begin PBXBuildFile section */
		63028D011CB518BD00682FBD /* main.m in Sources */ = {isa = PBXBuildFile; fileRef = 63028D001CB518BD00682FBD /* main.m */; };
		63028D041CB518BD00682FBD /* AppDelegate.m in Sources */ = {isa = PBXBuildFile; fileRef = 63028D031CB518BD00682FBD /* AppDelegate.m */; };
		63028D071CB518BD00682FBD /* ViewController.m in Sources */ = {isa = PBXBuildFile; fileRef = 63028D061CB518BD00682FBD /* ViewController.m */; };
		63028D0A1CB518BD00682FBD /* Main.storyboard in Resources */ = {isa = PBXBuildFile; fileRef = 63028D081CB518BD00682FBD /* Main.storyboard */; };
		63028D0C1CB518BD00682FBD /* Assets.xcassets in Resources */ = {isa = PBXBuildFile; fileRef = 63028D0B1CB518BD00682FBD /* Assets.xcassets */; };
		63028D0F1CB518BD00682FBD /* LaunchScreen.storyboard in Resources */ = {isa = PBXBuildFile; fileRef = 63028D0D1CB518BD00682FBD /* LaunchScreen.storyboard */; };
		636864221CC73AB500671304 /* TBBaseCollectionViewCell.m in Sources */ = {isa = PBXBuildFile; fileRef = 6368641F1CC73AB500671304 /* TBBaseCollectionViewCell.m */; };
		636864231CC73AB500671304 /* UICollectionViewCell+TBBaseCollectionViewCell.m in Sources */ = {isa = PBXBuildFile; fileRef = 636864211CC73AB500671304 /* UICollectionViewCell+TBBaseCollectionViewCell.m */; };
		636864261CC73ABF00671304 /* TBBaseCollectionViewController.m in Sources */ = {isa = PBXBuildFile; fileRef = 636864251CC73ABF00671304 /* TBBaseCollectionViewController.m */; };
		63C98C6E1CB767D4008C197E /* UIColor+TBCore.m in Sources */ = {isa = PBXBuildFile; fileRef = 63C98BF71CB767D4008C197E /* UIColor+TBCore.m */; };
		63C98C6F1CB767D4008C197E /* UIColor+TBHex.m in Sources */ = {isa = PBXBuildFile; fileRef = 63C98BF91CB767D4008C197E /* UIColor+TBHex.m */; };
		63C98C701CB767D4008C197E /* UIFont+TBCore.m in Sources */ = {isa = PBXBuildFile; fileRef = 63C98BFD1CB767D4008C197E /* UIFont+TBCore.m */; };
		63C98C711CB767D4008C197E /* UIView+TBBorder.m in Sources */ = {isa = PBXBuildFile; fileRef = 63C98C011CB767D4008C197E /* UIView+TBBorder.m */; };
		63C98C721CB767D4008C197E /* UIView+TBCore.m in Sources */ = {isa = PBXBuildFile; fileRef = 63C98C031CB767D4008C197E /* UIView+TBCore.m */; };
		63C98C731CB767D4008C197E /* UIView+TBFrame.m in Sources */ = {isa = PBXBuildFile; fileRef = 63C98C051CB767D4008C197E /* UIView+TBFrame.m */; };
		63C98C741CB767D4008C197E /* UIView+TBHandle.m in Sources */ = {isa = PBXBuildFile; fileRef = 63C98C071CB767D4008C197E /* UIView+TBHandle.m */; };
		63C98C751CB767D4008C197E /* UIView+TBLine.m in Sources */ = {isa = PBXBuildFile; fileRef = 63C98C091CB767D4008C197E /* UIView+TBLine.m */; };
		63C98C761CB767D4008C197E /* UIView+TBTag.m in Sources */ = {isa = PBXBuildFile; fileRef = 63C98C0B1CB767D4008C197E /* UIView+TBTag.m */; };
		63C98C771CB767D4008C197E /* UIImageView+TBCore.m in Sources */ = {isa = PBXBuildFile; fileRef = 63C98C0F1CB767D4008C197E /* UIImageView+TBCore.m */; };
		63C98C781CB767D4008C197E /* UILabel+TBResize.m in Sources */ = {isa = PBXBuildFile; fileRef = 63C98C131CB767D4008C197E /* UILabel+TBResize.m */; };
		63C98C791CB767D4008C197E /* UIButton+TBCore.m in Sources */ = {isa = PBXBuildFile; fileRef = 63C98C171CB767D4008C197E /* UIButton+TBCore.m */; };
		63C98C7A1CB767D4008C197E /* UIAlertView+TBBlock.m in Sources */ = {isa = PBXBuildFile; fileRef = 63C98C1B1CB767D4008C197E /* UIAlertView+TBBlock.m */; };
		63C98C7B1CB767D4008C197E /* UIStoryboard+TBCore.m in Sources */ = {isa = PBXBuildFile; fileRef = 63C98C1F1CB767D4008C197E /* UIStoryboard+TBCore.m */; };
		63C98C7C1CB767D4008C197E /* UINavigationBar+TBCore.m in Sources */ = {isa = PBXBuildFile; fileRef = 63C98C231CB767D4008C197E /* UINavigationBar+TBCore.m */; };
		63C98C7D1CB767D4008C197E /* UIViewController+TBCore.m in Sources */ = {isa = PBXBuildFile; fileRef = 63C98C271CB767D4008C197E /* UIViewController+TBCore.m */; };
		63C98C7E1CB767D4008C197E /* UINavigationController+TBCore.m in Sources */ = {isa = PBXBuildFile; fileRef = 63C98C2B1CB767D4008C197E /* UINavigationController+TBCore.m */; };
		63C98C7F1CB767D4008C197E /* NSString+TBChange.m in Sources */ = {isa = PBXBuildFile; fileRef = 63C98C2F1CB767D4008C197E /* NSString+TBChange.m */; };
		63C98C801CB767D4008C197E /* NSString+TBCheck.m in Sources */ = {isa = PBXBuildFile; fileRef = 63C98C311CB767D4008C197E /* NSString+TBCheck.m */; };
		63C98C811CB767D4008C197E /* NSString+TBConvert.m in Sources */ = {isa = PBXBuildFile; fileRef = 63C98C331CB767D4008C197E /* NSString+TBConvert.m */; };
		63C98C821CB767D4008C197E /* NSString+TBDevice.m in Sources */ = {isa = PBXBuildFile; fileRef = 63C98C351CB767D4008C197E /* NSString+TBDevice.m */; };
		63C98C831CB767D4008C197E /* NSString+TBPath.m in Sources */ = {isa = PBXBuildFile; fileRef = 63C98C371CB767D4008C197E /* NSString+TBPath.m */; };
		63C98C841CB767D4008C197E /* NSString+TBUrl.m in Sources */ = {isa = PBXBuildFile; fileRef = 63C98C391CB767D4008C197E /* NSString+TBUrl.m */; };
		63C98C851CB767D4008C197E /* NSString+TBValid.m in Sources */ = {isa = PBXBuildFile; fileRef = 63C98C3B1CB767D4008C197E /* NSString+TBValid.m */; };
		63C98C861CB767D4008C197E /* NSDictionary+TBObject.m in Sources */ = {isa = PBXBuildFile; fileRef = 63C98C3F1CB767D4008C197E /* NSDictionary+TBObject.m */; };
		63C98C871CB767D4008C197E /* NSMutableDictionary+TBObject.m in Sources */ = {isa = PBXBuildFile; fileRef = 63C98C411CB767D4008C197E /* NSMutableDictionary+TBObject.m */; };
		63C98C881CB767D4008C197E /* NSArray+TBObject.m in Sources */ = {isa = PBXBuildFile; fileRef = 63C98C451CB767D4008C197E /* NSArray+TBObject.m */; };
		63C98C891CB767D4008C197E /* NSMutableArray+TBObject.m in Sources */ = {isa = PBXBuildFile; fileRef = 63C98C471CB767D4008C197E /* NSMutableArray+TBObject.m */; };
		63C98C8A1CB767D4008C197E /* NSDate+TBCheck.m in Sources */ = {isa = PBXBuildFile; fileRef = 63C98C4B1CB767D4008C197E /* NSDate+TBCheck.m */; };
		63C98C8B1CB767D4008C197E /* NSDate+TBCore.m in Sources */ = {isa = PBXBuildFile; fileRef = 63C98C4D1CB767D4008C197E /* NSDate+TBCore.m */; };
		63C98C8C1CB767D4008C197E /* NSUserDefaults+TBCore.m in Sources */ = {isa = PBXBuildFile; fileRef = 63C98C511CB767D4008C197E /* NSUserDefaults+TBCore.m */; };
		63C98C8D1CB767D4008C197E /* TBAFHTTPSessionManager.m in Sources */ = {isa = PBXBuildFile; fileRef = 63C98C551CB767D4008C197E /* TBAFHTTPSessionManager.m */; };
		63C98C8E1CB767D4008C197E /* TBService+Demo.m in Sources */ = {isa = PBXBuildFile; fileRef = 63C98C571CB767D4008C197E /* TBService+Demo.m */; };
		63C98C8F1CB767D4008C197E /* TBService.m in Sources */ = {isa = PBXBuildFile; fileRef = 63C98C591CB767D4008C197E /* TBService.m */; };
		63C98C901CB767D4008C197E /* TBBaseList.m in Sources */ = {isa = PBXBuildFile; fileRef = 63C98C5D1CB767D4008C197E /* TBBaseList.m */; };
		63C98C911CB767D4008C197E /* TBBaseObject.m in Sources */ = {isa = PBXBuildFile; fileRef = 63C98C5F1CB767D4008C197E /* TBBaseObject.m */; };
		63C98C921CB767D4008C197E /* TBBaseTableViewCell.m in Sources */ = {isa = PBXBuildFile; fileRef = 63C98C621CB767D4008C197E /* TBBaseTableViewCell.m */; };
		63C98C931CB767D4008C197E /* TBBaseView.m in Sources */ = {isa = PBXBuildFile; fileRef = 63C98C641CB767D4008C197E /* TBBaseView.m */; };
		63C98C941CB767D4008C197E /* UITableViewCell+TBBaseTableViewCell.m in Sources */ = {isa = PBXBuildFile; fileRef = 63C98C661CB767D4008C197E /* UITableViewCell+TBBaseTableViewCell.m */; };
		63C98C951CB767D4008C197E /* TBBaseTableViewController.m in Sources */ = {isa = PBXBuildFile; fileRef = 63C98C691CB767D4008C197E /* TBBaseTableViewController.m */; };
		63C98C961CB767D4008C197E /* TBBaseViewController.m in Sources */ = {isa = PBXBuildFile; fileRef = 63C98C6B1CB767D4008C197E /* TBBaseViewController.m */; };
		63DDD4DF1CBDE8A000AA2BE5 /* UINavigationController+TBNavBarCustom.m in Sources */ = {isa = PBXBuildFile; fileRef = 63DDD4DE1CBDE8A000AA2BE5 /* UINavigationController+TBNavBarCustom.m */; };
		63EC7ED51CB67CCB00616634 /* libAFNetworking.a in Frameworks */ = {isa = PBXBuildFile; fileRef = 63EC7ED31CB67CCB00616634 /* libAFNetworking.a */; };
		63EC7ED61CB67CCB00616634 /* libSVPullToRefresh.a in Frameworks */ = {isa = PBXBuildFile; fileRef = 63EC7ED41CB67CCB00616634 /* libSVPullToRefresh.a */; };
		B5DB67A54A3E68E5C57DFE76 /* libPods-TBCoreTest.a in Frameworks */ = {isa = PBXBuildFile; fileRef = AF9EC47C63A6DC437E655081 /* libPods-TBCoreTest.a */; };
/* End PBXBuildFile section */

/* Begin PBXFileReference section */
		4E401F4B570C924A7BAC9832 /* Pods-TBCoreTest.debug.xcconfig */ = {isa = PBXFileReference; includeInIndex = 1; lastKnownFileType = text.xcconfig; name = "Pods-TBCoreTest.debug.xcconfig"; path = "Pods/Target Support Files/Pods-TBCoreTest/Pods-TBCoreTest.debug.xcconfig"; sourceTree = "<group>"; };
		63028CFC1CB518BD00682FBD /* TBCoreTest.app */ = {isa = PBXFileReference; explicitFileType = wrapper.application; includeInIndex = 0; path = TBCoreTest.app; sourceTree = BUILT_PRODUCTS_DIR; };
		63028D001CB518BD00682FBD /* main.m */ = {isa = PBXFileReference; lastKnownFileType = sourcecode.c.objc; path = main.m; sourceTree = "<group>"; };
		63028D021CB518BD00682FBD /* AppDelegate.h */ = {isa = PBXFileReference; lastKnownFileType = sourcecode.c.h; path = AppDelegate.h; sourceTree = "<group>"; };
		63028D031CB518BD00682FBD /* AppDelegate.m */ = {isa = PBXFileReference; lastKnownFileType = sourcecode.c.objc; path = AppDelegate.m; sourceTree = "<group>"; };
		63028D051CB518BD00682FBD /* ViewController.h */ = {isa = PBXFileReference; lastKnownFileType = sourcecode.c.h; path = ViewController.h; sourceTree = "<group>"; };
		63028D061CB518BD00682FBD /* ViewController.m */ = {isa = PBXFileReference; lastKnownFileType = sourcecode.c.objc; path = ViewController.m; sourceTree = "<group>"; };
		63028D091CB518BD00682FBD /* Base */ = {isa = PBXFileReference; lastKnownFileType = file.storyboard; name = Base; path = Base.lproj/Main.storyboard; sourceTree = "<group>"; };
		63028D0B1CB518BD00682FBD /* Assets.xcassets */ = {isa = PBXFileReference; lastKnownFileType = folder.assetcatalog; path = Assets.xcassets; sourceTree = "<group>"; };
		63028D0E1CB518BD00682FBD /* Base */ = {isa = PBXFileReference; lastKnownFileType = file.storyboard; name = Base; path = Base.lproj/LaunchScreen.storyboard; sourceTree = "<group>"; };
		63028D101CB518BD00682FBD /* Info.plist */ = {isa = PBXFileReference; lastKnownFileType = text.plist.xml; path = Info.plist; sourceTree = "<group>"; };
		6368641E1CC73AB500671304 /* TBBaseCollectionViewCell.h */ = {isa = PBXFileReference; fileEncoding = 4; lastKnownFileType = sourcecode.c.h; path = TBBaseCollectionViewCell.h; sourceTree = "<group>"; };
		6368641F1CC73AB500671304 /* TBBaseCollectionViewCell.m */ = {isa = PBXFileReference; fileEncoding = 4; lastKnownFileType = sourcecode.c.objc; path = TBBaseCollectionViewCell.m; sourceTree = "<group>"; };
		636864201CC73AB500671304 /* UICollectionViewCell+TBBaseCollectionViewCell.h */ = {isa = PBXFileReference; fileEncoding = 4; lastKnownFileType = sourcecode.c.h; path = "UICollectionViewCell+TBBaseCollectionViewCell.h"; sourceTree = "<group>"; };
		636864211CC73AB500671304 /* UICollectionViewCell+TBBaseCollectionViewCell.m */ = {isa = PBXFileReference; fileEncoding = 4; lastKnownFileType = sourcecode.c.objc; path = "UICollectionViewCell+TBBaseCollectionViewCell.m"; sourceTree = "<group>"; };
		636864241CC73ABF00671304 /* TBBaseCollectionViewController.h */ = {isa = PBXFileReference; fileEncoding = 4; lastKnownFileType = sourcecode.c.h; path = TBBaseCollectionViewController.h; sourceTree = "<group>"; };
		636864251CC73ABF00671304 /* TBBaseCollectionViewController.m */ = {isa = PBXFileReference; fileEncoding = 4; lastKnownFileType = sourcecode.c.objc; path = TBBaseCollectionViewController.m; sourceTree = "<group>"; };
		63C98BF01CB767D4008C197E /* TB-Header-Define.h */ = {isa = PBXFileReference; fileEncoding = 4; lastKnownFileType = sourcecode.c.h; path = "TB-Header-Define.h"; sourceTree = "<group>"; };
		63C98BF11CB767D4008C197E /* TBDefineCore.h */ = {isa = PBXFileReference; fileEncoding = 4; lastKnownFileType = sourcecode.c.h; path = TBDefineCore.h; sourceTree = "<group>"; };
		63C98BF51CB767D4008C197E /* TB-Header-UIColor.h */ = {isa = PBXFileReference; fileEncoding = 4; lastKnownFileType = sourcecode.c.h; path = "TB-Header-UIColor.h"; sourceTree = "<group>"; };
		63C98BF61CB767D4008C197E /* UIColor+TBCore.h */ = {isa = PBXFileReference; fileEncoding = 4; lastKnownFileType = sourcecode.c.h; path = "UIColor+TBCore.h"; sourceTree = "<group>"; };
		63C98BF71CB767D4008C197E /* UIColor+TBCore.m */ = {isa = PBXFileReference; fileEncoding = 4; lastKnownFileType = sourcecode.c.objc; path = "UIColor+TBCore.m"; sourceTree = "<group>"; };
		63C98BF81CB767D4008C197E /* UIColor+TBHex.h */ = {isa = PBXFileReference; fileEncoding = 4; lastKnownFileType = sourcecode.c.h; path = "UIColor+TBHex.h"; sourceTree = "<group>"; };
		63C98BF91CB767D4008C197E /* UIColor+TBHex.m */ = {isa = PBXFileReference; fileEncoding = 4; lastKnownFileType = sourcecode.c.objc; path = "UIColor+TBHex.m"; sourceTree = "<group>"; };
		63C98BFB1CB767D4008C197E /* TB-Header-UIFont.h */ = {isa = PBXFileReference; fileEncoding = 4; lastKnownFileType = sourcecode.c.h; path = "TB-Header-UIFont.h"; sourceTree = "<group>"; };
		63C98BFC1CB767D4008C197E /* UIFont+TBCore.h */ = {isa = PBXFileReference; fileEncoding = 4; lastKnownFileType = sourcecode.c.h; path = "UIFont+TBCore.h"; sourceTree = "<group>"; };
		63C98BFD1CB767D4008C197E /* UIFont+TBCore.m */ = {isa = PBXFileReference; fileEncoding = 4; lastKnownFileType = sourcecode.c.objc; path = "UIFont+TBCore.m"; sourceTree = "<group>"; };
		63C98BFF1CB767D4008C197E /* TB-Header-UIView.h */ = {isa = PBXFileReference; fileEncoding = 4; lastKnownFileType = sourcecode.c.h; path = "TB-Header-UIView.h"; sourceTree = "<group>"; };
		63C98C001CB767D4008C197E /* UIView+TBBorder.h */ = {isa = PBXFileReference; fileEncoding = 4; lastKnownFileType = sourcecode.c.h; path = "UIView+TBBorder.h"; sourceTree = "<group>"; };
		63C98C011CB767D4008C197E /* UIView+TBBorder.m */ = {isa = PBXFileReference; fileEncoding = 4; lastKnownFileType = sourcecode.c.objc; path = "UIView+TBBorder.m"; sourceTree = "<group>"; };
		63C98C021CB767D4008C197E /* UIView+TBCore.h */ = {isa = PBXFileReference; fileEncoding = 4; lastKnownFileType = sourcecode.c.h; path = "UIView+TBCore.h"; sourceTree = "<group>"; };
		63C98C031CB767D4008C197E /* UIView+TBCore.m */ = {isa = PBXFileReference; fileEncoding = 4; lastKnownFileType = sourcecode.c.objc; path = "UIView+TBCore.m"; sourceTree = "<group>"; };
		63C98C041CB767D4008C197E /* UIView+TBFrame.h */ = {isa = PBXFileReference; fileEncoding = 4; lastKnownFileType = sourcecode.c.h; path = "UIView+TBFrame.h"; sourceTree = "<group>"; };
		63C98C051CB767D4008C197E /* UIView+TBFrame.m */ = {isa = PBXFileReference; fileEncoding = 4; lastKnownFileType = sourcecode.c.objc; path = "UIView+TBFrame.m"; sourceTree = "<group>"; };
		63C98C061CB767D4008C197E /* UIView+TBHandle.h */ = {isa = PBXFileReference; fileEncoding = 4; lastKnownFileType = sourcecode.c.h; path = "UIView+TBHandle.h"; sourceTree = "<group>"; };
		63C98C071CB767D4008C197E /* UIView+TBHandle.m */ = {isa = PBXFileReference; fileEncoding = 4; lastKnownFileType = sourcecode.c.objc; path = "UIView+TBHandle.m"; sourceTree = "<group>"; };
		63C98C081CB767D4008C197E /* UIView+TBLine.h */ = {isa = PBXFileReference; fileEncoding = 4; lastKnownFileType = sourcecode.c.h; path = "UIView+TBLine.h"; sourceTree = "<group>"; };
		63C98C091CB767D4008C197E /* UIView+TBLine.m */ = {isa = PBXFileReference; fileEncoding = 4; lastKnownFileType = sourcecode.c.objc; path = "UIView+TBLine.m"; sourceTree = "<group>"; };
		63C98C0A1CB767D4008C197E /* UIView+TBTag.h */ = {isa = PBXFileReference; fileEncoding = 4; lastKnownFileType = sourcecode.c.h; path = "UIView+TBTag.h"; sourceTree = "<group>"; };
		63C98C0B1CB767D4008C197E /* UIView+TBTag.m */ = {isa = PBXFileReference; fileEncoding = 4; lastKnownFileType = sourcecode.c.objc; path = "UIView+TBTag.m"; sourceTree = "<group>"; };
		63C98C0D1CB767D4008C197E /* TB-Header-UIImageView.h */ = {isa = PBXFileReference; fileEncoding = 4; lastKnownFileType = sourcecode.c.h; path = "TB-Header-UIImageView.h"; sourceTree = "<group>"; };
		63C98C0E1CB767D4008C197E /* UIImageView+TBCore.h */ = {isa = PBXFileReference; fileEncoding = 4; lastKnownFileType = sourcecode.c.h; path = "UIImageView+TBCore.h"; sourceTree = "<group>"; };
		63C98C0F1CB767D4008C197E /* UIImageView+TBCore.m */ = {isa = PBXFileReference; fileEncoding = 4; lastKnownFileType = sourcecode.c.objc; path = "UIImageView+TBCore.m"; sourceTree = "<group>"; };
		63C98C111CB767D4008C197E /* TB-Header-UILabel.h */ = {isa = PBXFileReference; fileEncoding = 4; lastKnownFileType = sourcecode.c.h; path = "TB-Header-UILabel.h"; sourceTree = "<group>"; };
		63C98C121CB767D4008C197E /* UILabel+TBResize.h */ = {isa = PBXFileReference; fileEncoding = 4; lastKnownFileType = sourcecode.c.h; path = "UILabel+TBResize.h"; sourceTree = "<group>"; };
		63C98C131CB767D4008C197E /* UILabel+TBResize.m */ = {isa = PBXFileReference; fileEncoding = 4; lastKnownFileType = sourcecode.c.objc; path = "UILabel+TBResize.m"; sourceTree = "<group>"; };
		63C98C151CB767D4008C197E /* TB-Header-UIButton.h */ = {isa = PBXFileReference; fileEncoding = 4; lastKnownFileType = sourcecode.c.h; path = "TB-Header-UIButton.h"; sourceTree = "<group>"; };
		63C98C161CB767D4008C197E /* UIButton+TBCore.h */ = {isa = PBXFileReference; fileEncoding = 4; lastKnownFileType = sourcecode.c.h; path = "UIButton+TBCore.h"; sourceTree = "<group>"; };
		63C98C171CB767D4008C197E /* UIButton+TBCore.m */ = {isa = PBXFileReference; fileEncoding = 4; lastKnownFileType = sourcecode.c.objc; path = "UIButton+TBCore.m"; sourceTree = "<group>"; };
		63C98C191CB767D4008C197E /* TB-Header-UIAlertView.h */ = {isa = PBXFileReference; fileEncoding = 4; lastKnownFileType = sourcecode.c.h; path = "TB-Header-UIAlertView.h"; sourceTree = "<group>"; };
		63C98C1A1CB767D4008C197E /* UIAlertView+TBBlock.h */ = {isa = PBXFileReference; fileEncoding = 4; lastKnownFileType = sourcecode.c.h; path = "UIAlertView+TBBlock.h"; sourceTree = "<group>"; };
		63C98C1B1CB767D4008C197E /* UIAlertView+TBBlock.m */ = {isa = PBXFileReference; fileEncoding = 4; lastKnownFileType = sourcecode.c.objc; path = "UIAlertView+TBBlock.m"; sourceTree = "<group>"; };
		63C98C1D1CB767D4008C197E /* TB-Header-UIStoryboard.h */ = {isa = PBXFileReference; fileEncoding = 4; lastKnownFileType = sourcecode.c.h; path = "TB-Header-UIStoryboard.h"; sourceTree = "<group>"; };
		63C98C1E1CB767D4008C197E /* UIStoryboard+TBCore.h */ = {isa = PBXFileReference; fileEncoding = 4; lastKnownFileType = sourcecode.c.h; path = "UIStoryboard+TBCore.h"; sourceTree = "<group>"; };
		63C98C1F1CB767D4008C197E /* UIStoryboard+TBCore.m */ = {isa = PBXFileReference; fileEncoding = 4; lastKnownFileType = sourcecode.c.objc; path = "UIStoryboard+TBCore.m"; sourceTree = "<group>"; };
		63C98C211CB767D4008C197E /* TB-Header-UINavigationBar.h */ = {isa = PBXFileReference; fileEncoding = 4; lastKnownFileType = sourcecode.c.h; path = "TB-Header-UINavigationBar.h"; sourceTree = "<group>"; };
		63C98C221CB767D4008C197E /* UINavigationBar+TBCore.h */ = {isa = PBXFileReference; fileEncoding = 4; lastKnownFileType = sourcecode.c.h; path = "UINavigationBar+TBCore.h"; sourceTree = "<group>"; };
		63C98C231CB767D4008C197E /* UINavigationBar+TBCore.m */ = {isa = PBXFileReference; fileEncoding = 4; lastKnownFileType = sourcecode.c.objc; path = "UINavigationBar+TBCore.m"; sourceTree = "<group>"; };
		63C98C251CB767D4008C197E /* TB-Header-UIViewController.h */ = {isa = PBXFileReference; fileEncoding = 4; lastKnownFileType = sourcecode.c.h; path = "TB-Header-UIViewController.h"; sourceTree = "<group>"; };
		63C98C261CB767D4008C197E /* UIViewController+TBCore.h */ = {isa = PBXFileReference; fileEncoding = 4; lastKnownFileType = sourcecode.c.h; path = "UIViewController+TBCore.h"; sourceTree = "<group>"; };
		63C98C271CB767D4008C197E /* UIViewController+TBCore.m */ = {isa = PBXFileReference; fileEncoding = 4; lastKnownFileType = sourcecode.c.objc; path = "UIViewController+TBCore.m"; sourceTree = "<group>"; };
		63C98C291CB767D4008C197E /* TB-Header-UINavigationController.h */ = {isa = PBXFileReference; fileEncoding = 4; lastKnownFileType = sourcecode.c.h; path = "TB-Header-UINavigationController.h"; sourceTree = "<group>"; };
		63C98C2A1CB767D4008C197E /* UINavigationController+TBCore.h */ = {isa = PBXFileReference; fileEncoding = 4; lastKnownFileType = sourcecode.c.h; path = "UINavigationController+TBCore.h"; sourceTree = "<group>"; };
		63C98C2B1CB767D4008C197E /* UINavigationController+TBCore.m */ = {isa = PBXFileReference; fileEncoding = 4; lastKnownFileType = sourcecode.c.objc; path = "UINavigationController+TBCore.m"; sourceTree = "<group>"; };
		63C98C2E1CB767D4008C197E /* NSString+TBChange.h */ = {isa = PBXFileReference; fileEncoding = 4; lastKnownFileType = sourcecode.c.h; path = "NSString+TBChange.h"; sourceTree = "<group>"; };
		63C98C2F1CB767D4008C197E /* NSString+TBChange.m */ = {isa = PBXFileReference; fileEncoding = 4; lastKnownFileType = sourcecode.c.objc; path = "NSString+TBChange.m"; sourceTree = "<group>"; };
		63C98C301CB767D4008C197E /* NSString+TBCheck.h */ = {isa = PBXFileReference; fileEncoding = 4; lastKnownFileType = sourcecode.c.h; path = "NSString+TBCheck.h"; sourceTree = "<group>"; };
		63C98C311CB767D4008C197E /* NSString+TBCheck.m */ = {isa = PBXFileReference; fileEncoding = 4; lastKnownFileType = sourcecode.c.objc; path = "NSString+TBCheck.m"; sourceTree = "<group>"; };
		63C98C321CB767D4008C197E /* NSString+TBConvert.h */ = {isa = PBXFileReference; fileEncoding = 4; lastKnownFileType = sourcecode.c.h; path = "NSString+TBConvert.h"; sourceTree = "<group>"; };
		63C98C331CB767D4008C197E /* NSString+TBConvert.m */ = {isa = PBXFileReference; fileEncoding = 4; lastKnownFileType = sourcecode.c.objc; path = "NSString+TBConvert.m"; sourceTree = "<group>"; };
		63C98C341CB767D4008C197E /* NSString+TBDevice.h */ = {isa = PBXFileReference; fileEncoding = 4; lastKnownFileType = sourcecode.c.h; path = "NSString+TBDevice.h"; sourceTree = "<group>"; };
		63C98C351CB767D4008C197E /* NSString+TBDevice.m */ = {isa = PBXFileReference; fileEncoding = 4; lastKnownFileType = sourcecode.c.objc; path = "NSString+TBDevice.m"; sourceTree = "<group>"; };
		63C98C361CB767D4008C197E /* NSString+TBPath.h */ = {isa = PBXFileReference; fileEncoding = 4; lastKnownFileType = sourcecode.c.h; path = "NSString+TBPath.h"; sourceTree = "<group>"; };
		63C98C371CB767D4008C197E /* NSString+TBPath.m */ = {isa = PBXFileReference; fileEncoding = 4; lastKnownFileType = sourcecode.c.objc; path = "NSString+TBPath.m"; sourceTree = "<group>"; };
		63C98C381CB767D4008C197E /* NSString+TBUrl.h */ = {isa = PBXFileReference; fileEncoding = 4; lastKnownFileType = sourcecode.c.h; path = "NSString+TBUrl.h"; sourceTree = "<group>"; };
		63C98C391CB767D4008C197E /* NSString+TBUrl.m */ = {isa = PBXFileReference; fileEncoding = 4; lastKnownFileType = sourcecode.c.objc; path = "NSString+TBUrl.m"; sourceTree = "<group>"; };
		63C98C3A1CB767D4008C197E /* NSString+TBValid.h */ = {isa = PBXFileReference; fileEncoding = 4; lastKnownFileType = sourcecode.c.h; path = "NSString+TBValid.h"; sourceTree = "<group>"; };
		63C98C3B1CB767D4008C197E /* NSString+TBValid.m */ = {isa = PBXFileReference; fileEncoding = 4; lastKnownFileType = sourcecode.c.objc; path = "NSString+TBValid.m"; sourceTree = "<group>"; };
		63C98C3C1CB767D4008C197E /* TB-Header-NSString.h */ = {isa = PBXFileReference; fileEncoding = 4; lastKnownFileType = sourcecode.c.h; path = "TB-Header-NSString.h"; sourceTree = "<group>"; };
		63C98C3E1CB767D4008C197E /* NSDictionary+TBObject.h */ = {isa = PBXFileReference; fileEncoding = 4; lastKnownFileType = sourcecode.c.h; path = "NSDictionary+TBObject.h"; sourceTree = "<group>"; };
		63C98C3F1CB767D4008C197E /* NSDictionary+TBObject.m */ = {isa = PBXFileReference; fileEncoding = 4; lastKnownFileType = sourcecode.c.objc; path = "NSDictionary+TBObject.m"; sourceTree = "<group>"; };
		63C98C401CB767D4008C197E /* NSMutableDictionary+TBObject.h */ = {isa = PBXFileReference; fileEncoding = 4; lastKnownFileType = sourcecode.c.h; path = "NSMutableDictionary+TBObject.h"; sourceTree = "<group>"; };
		63C98C411CB767D4008C197E /* NSMutableDictionary+TBObject.m */ = {isa = PBXFileReference; fileEncoding = 4; lastKnownFileType = sourcecode.c.objc; path = "NSMutableDictionary+TBObject.m"; sourceTree = "<group>"; };
		63C98C421CB767D4008C197E /* TB-Header-NSDictionary.h */ = {isa = PBXFileReference; fileEncoding = 4; lastKnownFileType = sourcecode.c.h; path = "TB-Header-NSDictionary.h"; sourceTree = "<group>"; };
		63C98C441CB767D4008C197E /* NSArray+TBObject.h */ = {isa = PBXFileReference; fileEncoding = 4; lastKnownFileType = sourcecode.c.h; path = "NSArray+TBObject.h"; sourceTree = "<group>"; };
		63C98C451CB767D4008C197E /* NSArray+TBObject.m */ = {isa = PBXFileReference; fileEncoding = 4; lastKnownFileType = sourcecode.c.objc; path = "NSArray+TBObject.m"; sourceTree = "<group>"; };
		63C98C461CB767D4008C197E /* NSMutableArray+TBObject.h */ = {isa = PBXFileReference; fileEncoding = 4; lastKnownFileType = sourcecode.c.h; path = "NSMutableArray+TBObject.h"; sourceTree = "<group>"; };
		63C98C471CB767D4008C197E /* NSMutableArray+TBObject.m */ = {isa = PBXFileReference; fileEncoding = 4; lastKnownFileType = sourcecode.c.objc; path = "NSMutableArray+TBObject.m"; sourceTree = "<group>"; };
		63C98C481CB767D4008C197E /* TB-Header-NSArray.h */ = {isa = PBXFileReference; fileEncoding = 4; lastKnownFileType = sourcecode.c.h; path = "TB-Header-NSArray.h"; sourceTree = "<group>"; };
		63C98C4A1CB767D4008C197E /* NSDate+TBCheck.h */ = {isa = PBXFileReference; fileEncoding = 4; lastKnownFileType = sourcecode.c.h; path = "NSDate+TBCheck.h"; sourceTree = "<group>"; };
		63C98C4B1CB767D4008C197E /* NSDate+TBCheck.m */ = {isa = PBXFileReference; fileEncoding = 4; lastKnownFileType = sourcecode.c.objc; path = "NSDate+TBCheck.m"; sourceTree = "<group>"; };
		63C98C4C1CB767D4008C197E /* NSDate+TBCore.h */ = {isa = PBXFileReference; fileEncoding = 4; lastKnownFileType = sourcecode.c.h; path = "NSDate+TBCore.h"; sourceTree = "<group>"; };
		63C98C4D1CB767D4008C197E /* NSDate+TBCore.m */ = {isa = PBXFileReference; fileEncoding = 4; lastKnownFileType = sourcecode.c.objc; path = "NSDate+TBCore.m"; sourceTree = "<group>"; };
		63C98C4E1CB767D4008C197E /* TB-Header-NSDate.h */ = {isa = PBXFileReference; fileEncoding = 4; lastKnownFileType = sourcecode.c.h; path = "TB-Header-NSDate.h"; sourceTree = "<group>"; };
		63C98C501CB767D4008C197E /* NSUserDefaults+TBCore.h */ = {isa = PBXFileReference; fileEncoding = 4; lastKnownFileType = sourcecode.c.h; path = "NSUserDefaults+TBCore.h"; sourceTree = "<group>"; };
		63C98C511CB767D4008C197E /* NSUserDefaults+TBCore.m */ = {isa = PBXFileReference; fileEncoding = 4; lastKnownFileType = sourcecode.c.objc; path = "NSUserDefaults+TBCore.m"; sourceTree = "<group>"; };
		63C98C521CB767D4008C197E /* TB-Header-NSUserDefaults.h */ = {isa = PBXFileReference; fileEncoding = 4; lastKnownFileType = sourcecode.c.h; path = "TB-Header-NSUserDefaults.h"; sourceTree = "<group>"; };
		63C98C541CB767D4008C197E /* TBAFHTTPSessionManager.h */ = {isa = PBXFileReference; fileEncoding = 4; lastKnownFileType = sourcecode.c.h; path = TBAFHTTPSessionManager.h; sourceTree = "<group>"; };
		63C98C551CB767D4008C197E /* TBAFHTTPSessionManager.m */ = {isa = PBXFileReference; fileEncoding = 4; lastKnownFileType = sourcecode.c.objc; path = TBAFHTTPSessionManager.m; sourceTree = "<group>"; };
		63C98C561CB767D4008C197E /* TBService+Demo.h */ = {isa = PBXFileReference; fileEncoding = 4; lastKnownFileType = sourcecode.c.h; path = "TBService+Demo.h"; sourceTree = "<group>"; };
		63C98C571CB767D4008C197E /* TBService+Demo.m */ = {isa = PBXFileReference; fileEncoding = 4; lastKnownFileType = sourcecode.c.objc; path = "TBService+Demo.m"; sourceTree = "<group>"; };
		63C98C581CB767D4008C197E /* TBService.h */ = {isa = PBXFileReference; fileEncoding = 4; lastKnownFileType = sourcecode.c.h; path = TBService.h; sourceTree = "<group>"; };
		63C98C591CB767D4008C197E /* TBService.m */ = {isa = PBXFileReference; fileEncoding = 4; lastKnownFileType = sourcecode.c.objc; path = TBService.m; sourceTree = "<group>"; };
		63C98C5C1CB767D4008C197E /* TBBaseList.h */ = {isa = PBXFileReference; fileEncoding = 4; lastKnownFileType = sourcecode.c.h; path = TBBaseList.h; sourceTree = "<group>"; };
		63C98C5D1CB767D4008C197E /* TBBaseList.m */ = {isa = PBXFileReference; fileEncoding = 4; lastKnownFileType = sourcecode.c.objc; path = TBBaseList.m; sourceTree = "<group>"; };
		63C98C5E1CB767D4008C197E /* TBBaseObject.h */ = {isa = PBXFileReference; fileEncoding = 4; lastKnownFileType = sourcecode.c.h; path = TBBaseObject.h; sourceTree = "<group>"; };
		63C98C5F1CB767D4008C197E /* TBBaseObject.m */ = {isa = PBXFileReference; fileEncoding = 4; lastKnownFileType = sourcecode.c.objc; path = TBBaseObject.m; sourceTree = "<group>"; };
		63C98C611CB767D4008C197E /* TBBaseTableViewCell.h */ = {isa = PBXFileReference; fileEncoding = 4; lastKnownFileType = sourcecode.c.h; path = TBBaseTableViewCell.h; sourceTree = "<group>"; };
		63C98C621CB767D4008C197E /* TBBaseTableViewCell.m */ = {isa = PBXFileReference; fileEncoding = 4; lastKnownFileType = sourcecode.c.objc; path = TBBaseTableViewCell.m; sourceTree = "<group>"; };
		63C98C631CB767D4008C197E /* TBBaseView.h */ = {isa = PBXFileReference; fileEncoding = 4; lastKnownFileType = sourcecode.c.h; path = TBBaseView.h; sourceTree = "<group>"; };
		63C98C641CB767D4008C197E /* TBBaseView.m */ = {isa = PBXFileReference; fileEncoding = 4; lastKnownFileType = sourcecode.c.objc; path = TBBaseView.m; sourceTree = "<group>"; };
		63C98C651CB767D4008C197E /* UITableViewCell+TBBaseTableViewCell.h */ = {isa = PBXFileReference; fileEncoding = 4; lastKnownFileType = sourcecode.c.h; path = "UITableViewCell+TBBaseTableViewCell.h"; sourceTree = "<group>"; };
		63C98C661CB767D4008C197E /* UITableViewCell+TBBaseTableViewCell.m */ = {isa = PBXFileReference; fileEncoding = 4; lastKnownFileType = sourcecode.c.objc; path = "UITableViewCell+TBBaseTableViewCell.m"; sourceTree = "<group>"; };
		63C98C681CB767D4008C197E /* TBBaseTableViewController.h */ = {isa = PBXFileReference; fileEncoding = 4; lastKnownFileType = sourcecode.c.h; path = TBBaseTableViewController.h; sourceTree = "<group>"; };
		63C98C691CB767D4008C197E /* TBBaseTableViewController.m */ = {isa = PBXFileReference; fileEncoding = 4; lastKnownFileType = sourcecode.c.objc; path = TBBaseTableViewController.m; sourceTree = "<group>"; };
		63C98C6A1CB767D4008C197E /* TBBaseViewController.h */ = {isa = PBXFileReference; fileEncoding = 4; lastKnownFileType = sourcecode.c.h; path = TBBaseViewController.h; sourceTree = "<group>"; };
		63C98C6B1CB767D4008C197E /* TBBaseViewController.m */ = {isa = PBXFileReference; fileEncoding = 4; lastKnownFileType = sourcecode.c.objc; path = TBBaseViewController.m; sourceTree = "<group>"; };
		63C98C6D1CB767D4008C197E /* TBCore.h */ = {isa = PBXFileReference; fileEncoding = 4; lastKnownFileType = sourcecode.c.h; path = TBCore.h; sourceTree = "<group>"; };
		63DDD4DD1CBDE8A000AA2BE5 /* UINavigationController+TBNavBarCustom.h */ = {isa = PBXFileReference; fileEncoding = 4; lastKnownFileType = sourcecode.c.h; path = "UINavigationController+TBNavBarCustom.h"; sourceTree = "<group>"; };
		63DDD4DE1CBDE8A000AA2BE5 /* UINavigationController+TBNavBarCustom.m */ = {isa = PBXFileReference; fileEncoding = 4; lastKnownFileType = sourcecode.c.objc; path = "UINavigationController+TBNavBarCustom.m"; sourceTree = "<group>"; };
		63EC7ED31CB67CCB00616634 /* libAFNetworking.a */ = {isa = PBXFileReference; lastKnownFileType = archive.ar; name = libAFNetworking.a; path = "../../../../../../Library/Developer/Xcode/DerivedData/TBCoreTest-dikiqdraozrnktbcgmechjdabtdu/Build/Products/Debug-iphoneos/libAFNetworking.a"; sourceTree = "<group>"; };
		63EC7ED41CB67CCB00616634 /* libSVPullToRefresh.a */ = {isa = PBXFileReference; lastKnownFileType = archive.ar; name = libSVPullToRefresh.a; path = "../../../../../../Library/Developer/Xcode/DerivedData/TBCoreTest-dikiqdraozrnktbcgmechjdabtdu/Build/Products/Debug-iphoneos/libSVPullToRefresh.a"; sourceTree = "<group>"; };
		8DD7120C14152A56A068CB8D /* Pods-TBCoreTest.release.xcconfig */ = {isa = PBXFileReference; includeInIndex = 1; lastKnownFileType = text.xcconfig; name = "Pods-TBCoreTest.release.xcconfig"; path = "Pods/Target Support Files/Pods-TBCoreTest/Pods-TBCoreTest.release.xcconfig"; sourceTree = "<group>"; };
		AF9EC47C63A6DC437E655081 /* libPods-TBCoreTest.a */ = {isa = PBXFileReference; explicitFileType = archive.ar; includeInIndex = 0; path = "libPods-TBCoreTest.a"; sourceTree = BUILT_PRODUCTS_DIR; };
/* End PBXFileReference section */

/* Begin PBXFrameworksBuildPhase section */
		63028CF91CB518BD00682FBD /* Frameworks */ = {
			isa = PBXFrameworksBuildPhase;
			buildActionMask = 2147483647;
			files = (
				63EC7ED51CB67CCB00616634 /* libAFNetworking.a in Frameworks */,
				63EC7ED61CB67CCB00616634 /* libSVPullToRefresh.a in Frameworks */,
				B5DB67A54A3E68E5C57DFE76 /* libPods-TBCoreTest.a in Frameworks */,
			);
			runOnlyForDeploymentPostprocessing = 0;
		};
/* End PBXFrameworksBuildPhase section */

/* Begin PBXGroup section */
		63028CF31CB518BD00682FBD = {
			isa = PBXGroup;
			children = (
				63028CFE1CB518BD00682FBD /* TBCoreTest */,
				63028CFD1CB518BD00682FBD /* Products */,
				70D86868BA8F934874700BA1 /* Pods */,
				D2F0972E390D3A0F915C6741 /* Frameworks */,
			);
			sourceTree = "<group>";
		};
		63028CFD1CB518BD00682FBD /* Products */ = {
			isa = PBXGroup;
			children = (
				63028CFC1CB518BD00682FBD /* TBCoreTest.app */,
			);
			name = Products;
			sourceTree = "<group>";
		};
		63028CFE1CB518BD00682FBD /* TBCoreTest */ = {
			isa = PBXGroup;
			children = (
				63C98BEE1CB767D4008C197E /* TBCore */,
				63028D021CB518BD00682FBD /* AppDelegate.h */,
				63028D031CB518BD00682FBD /* AppDelegate.m */,
				63028D051CB518BD00682FBD /* ViewController.h */,
				63028D061CB518BD00682FBD /* ViewController.m */,
				63028D081CB518BD00682FBD /* Main.storyboard */,
				63028D0B1CB518BD00682FBD /* Assets.xcassets */,
				63028D0D1CB518BD00682FBD /* LaunchScreen.storyboard */,
				63028D101CB518BD00682FBD /* Info.plist */,
				63028CFF1CB518BD00682FBD /* Supporting Files */,
			);
			path = TBCoreTest;
			sourceTree = "<group>";
		};
		63028CFF1CB518BD00682FBD /* Supporting Files */ = {
			isa = PBXGroup;
			children = (
				63028D001CB518BD00682FBD /* main.m */,
			);
			name = "Supporting Files";
			sourceTree = "<group>";
		};
		63C98BEE1CB767D4008C197E /* TBCore */ = {
			isa = PBXGroup;
			children = (
				63C98BEF1CB767D4008C197E /* 01-Define */,
				63C98BF21CB767D4008C197E /* 02-Category */,
				63C98C531CB767D4008C197E /* 08-Service */,
				63C98C5A1CB767D4008C197E /* 09-Base */,
				63C98C6C1CB767D4008C197E /* 99-Resouces */,
				63C98C6D1CB767D4008C197E /* TBCore.h */,
			);
			name = TBCore;
			path = ../../TBCore;
			sourceTree = "<group>";
		};
		63C98BEF1CB767D4008C197E /* 01-Define */ = {
			isa = PBXGroup;
			children = (
				63C98BF01CB767D4008C197E /* TB-Header-Define.h */,
				63C98BF11CB767D4008C197E /* TBDefineCore.h */,
			);
			path = "01-Define";
			sourceTree = "<group>";
		};
		63C98BF21CB767D4008C197E /* 02-Category */ = {
			isa = PBXGroup;
			children = (
				63C98BF31CB767D4008C197E /* 01-UI */,
				63C98C2C1CB767D4008C197E /* 02-NS */,
			);
			path = "02-Category";
			sourceTree = "<group>";
		};
		63C98BF31CB767D4008C197E /* 01-UI */ = {
			isa = PBXGroup;
			children = (
				63C98BF41CB767D4008C197E /* 01-UIColor */,
				63C98BFA1CB767D4008C197E /* 02-UIFont */,
				63C98BFE1CB767D4008C197E /* 20-UIView */,
				63C98C0C1CB767D4008C197E /* 21-UIImageView */,
				63C98C101CB767D4008C197E /* 22-UILabel */,
				63C98C141CB767D4008C197E /* 23-UIButton */,
				63C98C181CB767D4008C197E /* 29-UIAlertView */,
				63C98C1C1CB767D4008C197E /* 30-UIStoryboard */,
				63C98C201CB767D4008C197E /* 31-UINavigationBar */,
				63C98C241CB767D4008C197E /* 40-UIViewController */,
				63C98C281CB767D4008C197E /* 41-UINavigationController */,
			);
			path = "01-UI";
			sourceTree = "<group>";
		};
		63C98BF41CB767D4008C197E /* 01-UIColor */ = {
			isa = PBXGroup;
			children = (
				63C98BF51CB767D4008C197E /* TB-Header-UIColor.h */,
				63C98BF61CB767D4008C197E /* UIColor+TBCore.h */,
				63C98BF71CB767D4008C197E /* UIColor+TBCore.m */,
				63C98BF81CB767D4008C197E /* UIColor+TBHex.h */,
				63C98BF91CB767D4008C197E /* UIColor+TBHex.m */,
			);
			path = "01-UIColor";
			sourceTree = "<group>";
		};
		63C98BFA1CB767D4008C197E /* 02-UIFont */ = {
			isa = PBXGroup;
			children = (
				63C98BFB1CB767D4008C197E /* TB-Header-UIFont.h */,
				63C98BFC1CB767D4008C197E /* UIFont+TBCore.h */,
				63C98BFD1CB767D4008C197E /* UIFont+TBCore.m */,
			);
			path = "02-UIFont";
			sourceTree = "<group>";
		};
		63C98BFE1CB767D4008C197E /* 20-UIView */ = {
			isa = PBXGroup;
			children = (
				63C98BFF1CB767D4008C197E /* TB-Header-UIView.h */,
				63C98C001CB767D4008C197E /* UIView+TBBorder.h */,
				63C98C011CB767D4008C197E /* UIView+TBBorder.m */,
				63C98C021CB767D4008C197E /* UIView+TBCore.h */,
				63C98C031CB767D4008C197E /* UIView+TBCore.m */,
				63C98C041CB767D4008C197E /* UIView+TBFrame.h */,
				63C98C051CB767D4008C197E /* UIView+TBFrame.m */,
				63C98C061CB767D4008C197E /* UIView+TBHandle.h */,
				63C98C071CB767D4008C197E /* UIView+TBHandle.m */,
				63C98C081CB767D4008C197E /* UIView+TBLine.h */,
				63C98C091CB767D4008C197E /* UIView+TBLine.m */,
				63C98C0A1CB767D4008C197E /* UIView+TBTag.h */,
				63C98C0B1CB767D4008C197E /* UIView+TBTag.m */,
			);
			path = "20-UIView";
			sourceTree = "<group>";
		};
		63C98C0C1CB767D4008C197E /* 21-UIImageView */ = {
			isa = PBXGroup;
			children = (
				63C98C0D1CB767D4008C197E /* TB-Header-UIImageView.h */,
				63C98C0E1CB767D4008C197E /* UIImageView+TBCore.h */,
				63C98C0F1CB767D4008C197E /* UIImageView+TBCore.m */,
			);
			path = "21-UIImageView";
			sourceTree = "<group>";
		};
		63C98C101CB767D4008C197E /* 22-UILabel */ = {
			isa = PBXGroup;
			children = (
				63C98C111CB767D4008C197E /* TB-Header-UILabel.h */,
				63C98C121CB767D4008C197E /* UILabel+TBResize.h */,
				63C98C131CB767D4008C197E /* UILabel+TBResize.m */,
			);
			path = "22-UILabel";
			sourceTree = "<group>";
		};
		63C98C141CB767D4008C197E /* 23-UIButton */ = {
			isa = PBXGroup;
			children = (
				63C98C151CB767D4008C197E /* TB-Header-UIButton.h */,
				63C98C161CB767D4008C197E /* UIButton+TBCore.h */,
				63C98C171CB767D4008C197E /* UIButton+TBCore.m */,
			);
			path = "23-UIButton";
			sourceTree = "<group>";
		};
		63C98C181CB767D4008C197E /* 29-UIAlertView */ = {
			isa = PBXGroup;
			children = (
				63C98C191CB767D4008C197E /* TB-Header-UIAlertView.h */,
				63C98C1A1CB767D4008C197E /* UIAlertView+TBBlock.h */,
				63C98C1B1CB767D4008C197E /* UIAlertView+TBBlock.m */,
			);
			path = "29-UIAlertView";
			sourceTree = "<group>";
		};
		63C98C1C1CB767D4008C197E /* 30-UIStoryboard */ = {
			isa = PBXGroup;
			children = (
				63C98C1D1CB767D4008C197E /* TB-Header-UIStoryboard.h */,
				63C98C1E1CB767D4008C197E /* UIStoryboard+TBCore.h */,
				63C98C1F1CB767D4008C197E /* UIStoryboard+TBCore.m */,
			);
			path = "30-UIStoryboard";
			sourceTree = "<group>";
		};
		63C98C201CB767D4008C197E /* 31-UINavigationBar */ = {
			isa = PBXGroup;
			children = (
				63C98C211CB767D4008C197E /* TB-Header-UINavigationBar.h */,
				63C98C221CB767D4008C197E /* UINavigationBar+TBCore.h */,
				63C98C231CB767D4008C197E /* UINavigationBar+TBCore.m */,
			);
			path = "31-UINavigationBar";
			sourceTree = "<group>";
		};
		63C98C241CB767D4008C197E /* 40-UIViewController */ = {
			isa = PBXGroup;
			children = (
				63C98C251CB767D4008C197E /* TB-Header-UIViewController.h */,
				63C98C261CB767D4008C197E /* UIViewController+TBCore.h */,
				63C98C271CB767D4008C197E /* UIViewController+TBCore.m */,
			);
			path = "40-UIViewController";
			sourceTree = "<group>";
		};
		63C98C281CB767D4008C197E /* 41-UINavigationController */ = {
			isa = PBXGroup;
			children = (
				63C98C291CB767D4008C197E /* TB-Header-UINavigationController.h */,
				63C98C2A1CB767D4008C197E /* UINavigationController+TBCore.h */,
				63C98C2B1CB767D4008C197E /* UINavigationController+TBCore.m */,
				63DDD4DD1CBDE8A000AA2BE5 /* UINavigationController+TBNavBarCustom.h */,
				63DDD4DE1CBDE8A000AA2BE5 /* UINavigationController+TBNavBarCustom.m */,
			);
			path = "41-UINavigationController";
			sourceTree = "<group>";
		};
		63C98C2C1CB767D4008C197E /* 02-NS */ = {
			isa = PBXGroup;
			children = (
				63C98C2D1CB767D4008C197E /* 01-NSString */,
				63C98C3D1CB767D4008C197E /* 02-NSDictionary */,
				63C98C431CB767D4008C197E /* 03-NSArray */,
				63C98C491CB767D4008C197E /* 04-NSDate */,
				63C98C4F1CB767D4008C197E /* 05-NSUserDefault */,
			);
			path = "02-NS";
			sourceTree = "<group>";
		};
		63C98C2D1CB767D4008C197E /* 01-NSString */ = {
			isa = PBXGroup;
			children = (
				63C98C2E1CB767D4008C197E /* NSString+TBChange.h */,
				63C98C2F1CB767D4008C197E /* NSString+TBChange.m */,
				63C98C301CB767D4008C197E /* NSString+TBCheck.h */,
				63C98C311CB767D4008C197E /* NSString+TBCheck.m */,
				63C98C321CB767D4008C197E /* NSString+TBConvert.h */,
				63C98C331CB767D4008C197E /* NSString+TBConvert.m */,
				63C98C341CB767D4008C197E /* NSString+TBDevice.h */,
				63C98C351CB767D4008C197E /* NSString+TBDevice.m */,
				63C98C361CB767D4008C197E /* NSString+TBPath.h */,
				63C98C371CB767D4008C197E /* NSString+TBPath.m */,
				63C98C381CB767D4008C197E /* NSString+TBUrl.h */,
				63C98C391CB767D4008C197E /* NSString+TBUrl.m */,
				63C98C3A1CB767D4008C197E /* NSString+TBValid.h */,
				63C98C3B1CB767D4008C197E /* NSString+TBValid.m */,
				63C98C3C1CB767D4008C197E /* TB-Header-NSString.h */,
			);
			path = "01-NSString";
			sourceTree = "<group>";
		};
		63C98C3D1CB767D4008C197E /* 02-NSDictionary */ = {
			isa = PBXGroup;
			children = (
				63C98C3E1CB767D4008C197E /* NSDictionary+TBObject.h */,
				63C98C3F1CB767D4008C197E /* NSDictionary+TBObject.m */,
				63C98C401CB767D4008C197E /* NSMutableDictionary+TBObject.h */,
				63C98C411CB767D4008C197E /* NSMutableDictionary+TBObject.m */,
				63C98C421CB767D4008C197E /* TB-Header-NSDictionary.h */,
			);
			path = "02-NSDictionary";
			sourceTree = "<group>";
		};
		63C98C431CB767D4008C197E /* 03-NSArray */ = {
			isa = PBXGroup;
			children = (
				63C98C441CB767D4008C197E /* NSArray+TBObject.h */,
				63C98C451CB767D4008C197E /* NSArray+TBObject.m */,
				63C98C461CB767D4008C197E /* NSMutableArray+TBObject.h */,
				63C98C471CB767D4008C197E /* NSMutableArray+TBObject.m */,
				63C98C481CB767D4008C197E /* TB-Header-NSArray.h */,
			);
			path = "03-NSArray";
			sourceTree = "<group>";
		};
		63C98C491CB767D4008C197E /* 04-NSDate */ = {
			isa = PBXGroup;
			children = (
				63C98C4A1CB767D4008C197E /* NSDate+TBCheck.h */,
				63C98C4B1CB767D4008C197E /* NSDate+TBCheck.m */,
				63C98C4C1CB767D4008C197E /* NSDate+TBCore.h */,
				63C98C4D1CB767D4008C197E /* NSDate+TBCore.m */,
				63C98C4E1CB767D4008C197E /* TB-Header-NSDate.h */,
			);
			path = "04-NSDate";
			sourceTree = "<group>";
		};
		63C98C4F1CB767D4008C197E /* 05-NSUserDefault */ = {
			isa = PBXGroup;
			children = (
				63C98C501CB767D4008C197E /* NSUserDefaults+TBCore.h */,
				63C98C511CB767D4008C197E /* NSUserDefaults+TBCore.m */,
				63C98C521CB767D4008C197E /* TB-Header-NSUserDefaults.h */,
			);
			path = "05-NSUserDefault";
			sourceTree = "<group>";
		};
		63C98C531CB767D4008C197E /* 08-Service */ = {
			isa = PBXGroup;
			children = (
				63C98C541CB767D4008C197E /* TBAFHTTPSessionManager.h */,
				63C98C551CB767D4008C197E /* TBAFHTTPSessionManager.m */,
				63C98C581CB767D4008C197E /* TBService.h */,
				63C98C591CB767D4008C197E /* TBService.m */,
				63C98C561CB767D4008C197E /* TBService+Demo.h */,
				63C98C571CB767D4008C197E /* TBService+Demo.m */,
			);
			path = "08-Service";
			sourceTree = "<group>";
		};
		63C98C5A1CB767D4008C197E /* 09-Base */ = {
			isa = PBXGroup;
			children = (
				63C98C5B1CB767D4008C197E /* 01-Object */,
				63C98C601CB767D4008C197E /* 02-View */,
				63C98C671CB767D4008C197E /* 03-ViewController */,
			);
			path = "09-Base";
			sourceTree = "<group>";
		};
		63C98C5B1CB767D4008C197E /* 01-Object */ = {
			isa = PBXGroup;
			children = (
				63C98C5C1CB767D4008C197E /* TBBaseList.h */,
				63C98C5D1CB767D4008C197E /* TBBaseList.m */,
				63C98C5E1CB767D4008C197E /* TBBaseObject.h */,
				63C98C5F1CB767D4008C197E /* TBBaseObject.m */,
			);
			path = "01-Object";
			sourceTree = "<group>";
		};
		63C98C601CB767D4008C197E /* 02-View */ = {
			isa = PBXGroup;
			children = (
				6368641E1CC73AB500671304 /* TBBaseCollectionViewCell.h */,
				6368641F1CC73AB500671304 /* TBBaseCollectionViewCell.m */,
				63C98C611CB767D4008C197E /* TBBaseTableViewCell.h */,
				63C98C621CB767D4008C197E /* TBBaseTableViewCell.m */,
				63C98C631CB767D4008C197E /* TBBaseView.h */,
				63C98C641CB767D4008C197E /* TBBaseView.m */,
				636864201CC73AB500671304 /* UICollectionViewCell+TBBaseCollectionViewCell.h */,
				636864211CC73AB500671304 /* UICollectionViewCell+TBBaseCollectionViewCell.m */,
				63C98C651CB767D4008C197E /* UITableViewCell+TBBaseTableViewCell.h */,
				63C98C661CB767D4008C197E /* UITableViewCell+TBBaseTableViewCell.m */,
			);
			path = "02-View";
			sourceTree = "<group>";
		};
		63C98C671CB767D4008C197E /* 03-ViewController */ = {
			isa = PBXGroup;
			children = (
				636864241CC73ABF00671304 /* TBBaseCollectionViewController.h */,
				636864251CC73ABF00671304 /* TBBaseCollectionViewController.m */,
				63C98C681CB767D4008C197E /* TBBaseTableViewController.h */,
				63C98C691CB767D4008C197E /* TBBaseTableViewController.m */,
				63C98C6A1CB767D4008C197E /* TBBaseViewController.h */,
				63C98C6B1CB767D4008C197E /* TBBaseViewController.m */,
			);
			path = "03-ViewController";
			sourceTree = "<group>";
		};
		63C98C6C1CB767D4008C197E /* 99-Resouces */ = {
			isa = PBXGroup;
			children = (
			);
			path = "99-Resouces";
			sourceTree = "<group>";
		};
		70D86868BA8F934874700BA1 /* Pods */ = {
			isa = PBXGroup;
			children = (
				4E401F4B570C924A7BAC9832 /* Pods-TBCoreTest.debug.xcconfig */,
				8DD7120C14152A56A068CB8D /* Pods-TBCoreTest.release.xcconfig */,
			);
			name = Pods;
			sourceTree = "<group>";
		};
		D2F0972E390D3A0F915C6741 /* Frameworks */ = {
			isa = PBXGroup;
			children = (
				63EC7ED31CB67CCB00616634 /* libAFNetworking.a */,
				63EC7ED41CB67CCB00616634 /* libSVPullToRefresh.a */,
				AF9EC47C63A6DC437E655081 /* libPods-TBCoreTest.a */,
			);
			name = Frameworks;
			sourceTree = "<group>";
		};
/* End PBXGroup section */

/* Begin PBXNativeTarget section */
		63028CFB1CB518BD00682FBD /* TBCoreTest */ = {
			isa = PBXNativeTarget;
			buildConfigurationList = 63028D131CB518BD00682FBD /* Build configuration list for PBXNativeTarget "TBCoreTest" */;
			buildPhases = (
				D9564C3F16A83B05CB502A56 /* Check Pods Manifest.lock */,
				63028CF81CB518BD00682FBD /* Sources */,
				63028CF91CB518BD00682FBD /* Frameworks */,
				63028CFA1CB518BD00682FBD /* Resources */,
				7ED783D8A5AECF49A841D6A8 /* Embed Pods Frameworks */,
				D365E2CCF9A8C3AAFF7A98B5 /* Copy Pods Resources */,
			);
			buildRules = (
			);
			dependencies = (
			);
			name = TBCoreTest;
			productName = TBCoreTest;
			productReference = 63028CFC1CB518BD00682FBD /* TBCoreTest.app */;
			productType = "com.apple.product-type.application";
		};
/* End PBXNativeTarget section */

/* Begin PBXProject section */
		63028CF41CB518BD00682FBD /* Project object */ = {
			isa = PBXProject;
			attributes = {
				CLASSPREFIX = TB;
				LastUpgradeCheck = 0730;
				ORGANIZATIONNAME = "Bun Le Viet";
				TargetAttributes = {
					63028CFB1CB518BD00682FBD = {
						CreatedOnToolsVersion = 7.3;
					};
				};
			};
			buildConfigurationList = 63028CF71CB518BD00682FBD /* Build configuration list for PBXProject "TBCoreTest" */;
			compatibilityVersion = "Xcode 3.2";
			developmentRegion = English;
			hasScannedForEncodings = 0;
			knownRegions = (
				en,
				Base,
			);
			mainGroup = 63028CF31CB518BD00682FBD;
			productRefGroup = 63028CFD1CB518BD00682FBD /* Products */;
			projectDirPath = "";
			projectRoot = "";
			targets = (
				63028CFB1CB518BD00682FBD /* TBCoreTest */,
			);
		};
/* End PBXProject section */

/* Begin PBXResourcesBuildPhase section */
		63028CFA1CB518BD00682FBD /* Resources */ = {
			isa = PBXResourcesBuildPhase;
			buildActionMask = 2147483647;
			files = (
				63028D0F1CB518BD00682FBD /* LaunchScreen.storyboard in Resources */,
				63028D0C1CB518BD00682FBD /* Assets.xcassets in Resources */,
				63028D0A1CB518BD00682FBD /* Main.storyboard in Resources */,
			);
			runOnlyForDeploymentPostprocessing = 0;
		};
/* End PBXResourcesBuildPhase section */

/* Begin PBXShellScriptBuildPhase section */
		7ED783D8A5AECF49A841D6A8 /* Embed Pods Frameworks */ = {
			isa = PBXShellScriptBuildPhase;
			buildActionMask = 2147483647;
			files = (
			);
			inputPaths = (
			);
			name = "Embed Pods Frameworks";
			outputPaths = (
			);
			runOnlyForDeploymentPostprocessing = 0;
			shellPath = /bin/sh;
			shellScript = "\"${SRCROOT}/Pods/Target Support Files/Pods-TBCoreTest/Pods-TBCoreTest-frameworks.sh\"\n";
			showEnvVarsInLog = 0;
		};
		D365E2CCF9A8C3AAFF7A98B5 /* Copy Pods Resources */ = {
			isa = PBXShellScriptBuildPhase;
			buildActionMask = 2147483647;
			files = (
			);
			inputPaths = (
			);
			name = "Copy Pods Resources";
			outputPaths = (
			);
			runOnlyForDeploymentPostprocessing = 0;
			shellPath = /bin/sh;
			shellScript = "\"${SRCROOT}/Pods/Target Support Files/Pods-TBCoreTest/Pods-TBCoreTest-resources.sh\"\n";
			showEnvVarsInLog = 0;
		};
		D9564C3F16A83B05CB502A56 /* Check Pods Manifest.lock */ = {
			isa = PBXShellScriptBuildPhase;
			buildActionMask = 2147483647;
			files = (
			);
			inputPaths = (
			);
			name = "Check Pods Manifest.lock";
			outputPaths = (
			);
			runOnlyForDeploymentPostprocessing = 0;
			shellPath = /bin/sh;
			shellScript = "diff \"${PODS_ROOT}/../Podfile.lock\" \"${PODS_ROOT}/Manifest.lock\" > /dev/null\nif [[ $? != 0 ]] ; then\n    cat << EOM\nerror: The sandbox is not in sync with the Podfile.lock. Run 'pod install' or update your CocoaPods installation.\nEOM\n    exit 1\nfi\n";
			showEnvVarsInLog = 0;
		};
/* End PBXShellScriptBuildPhase section */

/* Begin PBXSourcesBuildPhase section */
		63028CF81CB518BD00682FBD /* Sources */ = {
			isa = PBXSourcesBuildPhase;
			buildActionMask = 2147483647;
			files = (
				63028D071CB518BD00682FBD /* ViewController.m in Sources */,
				63C98C861CB767D4008C197E /* NSDictionary+TBObject.m in Sources */,
				63C98C711CB767D4008C197E /* UIView+TBBorder.m in Sources */,
				636864221CC73AB500671304 /* TBBaseCollectionViewCell.m in Sources */,
				63C98C701CB767D4008C197E /* UIFont+TBCore.m in Sources */,
				63C98C841CB767D4008C197E /* NSString+TBUrl.m in Sources */,
				63C98C961CB767D4008C197E /* TBBaseViewController.m in Sources */,
				63C98C731CB767D4008C197E /* UIView+TBFrame.m in Sources */,
				63C98C911CB767D4008C197E /* TBBaseObject.m in Sources */,
				63C98C8D1CB767D4008C197E /* TBAFHTTPSessionManager.m in Sources */,
				63C98C801CB767D4008C197E /* NSString+TBCheck.m in Sources */,
				63028D041CB518BD00682FBD /* AppDelegate.m in Sources */,
				63C98C6E1CB767D4008C197E /* UIColor+TBCore.m in Sources */,
				63C98C8A1CB767D4008C197E /* NSDate+TBCheck.m in Sources */,
				63C98C921CB767D4008C197E /* TBBaseTableViewCell.m in Sources */,
				63C98C811CB767D4008C197E /* NSString+TBConvert.m in Sources */,
				63C98C7F1CB767D4008C197E /* NSString+TBChange.m in Sources */,
				636864231CC73AB500671304 /* UICollectionViewCell+TBBaseCollectionViewCell.m in Sources */,
				63C98C8F1CB767D4008C197E /* TBService.m in Sources */,
				63C98C721CB767D4008C197E /* UIView+TBCore.m in Sources */,
				63028D011CB518BD00682FBD /* main.m in Sources */,
				63C98C901CB767D4008C197E /* TBBaseList.m in Sources */,
				63C98C881CB767D4008C197E /* NSArray+TBObject.m in Sources */,
				63C98C7C1CB767D4008C197E /* UINavigationBar+TBCore.m in Sources */,
				63C98C781CB767D4008C197E /* UILabel+TBResize.m in Sources */,
				63DDD4DF1CBDE8A000AA2BE5 /* UINavigationController+TBNavBarCustom.m in Sources */,
				63C98C851CB767D4008C197E /* NSString+TBValid.m in Sources */,
				63C98C7E1CB767D4008C197E /* UINavigationController+TBCore.m in Sources */,
				63C98C941CB767D4008C197E /* UITableViewCell+TBBaseTableViewCell.m in Sources */,
				63C98C751CB767D4008C197E /* UIView+TBLine.m in Sources */,
				63C98C821CB767D4008C197E /* NSString+TBDevice.m in Sources */,
				63C98C8E1CB767D4008C197E /* TBService+Demo.m in Sources */,
				63C98C7B1CB767D4008C197E /* UIStoryboard+TBCore.m in Sources */,
				63C98C741CB767D4008C197E /* UIView+TBHandle.m in Sources */,
				63C98C8B1CB767D4008C197E /* NSDate+TBCore.m in Sources */,
				63C98C7D1CB767D4008C197E /* UIViewController+TBCore.m in Sources */,
				63C98C831CB767D4008C197E /* NSString+TBPath.m in Sources */,
				63C98C951CB767D4008C197E /* TBBaseTableViewController.m in Sources */,
				63C98C8C1CB767D4008C197E /* NSUserDefaults+TBCore.m in Sources */,
				63C98C771CB767D4008C197E /* UIImageView+TBCore.m in Sources */,
				63C98C891CB767D4008C197E /* NSMutableArray+TBObject.m in Sources */,
				63C98C791CB767D4008C197E /* UIButton+TBCore.m in Sources */,
				63C98C931CB767D4008C197E /* TBBaseView.m in Sources */,
				63C98C7A1CB767D4008C197E /* UIAlertView+TBBlock.m in Sources */,
				63C98C6F1CB767D4008C197E /* UIColor+TBHex.m in Sources */,
				63C98C761CB767D4008C197E /* UIView+TBTag.m in Sources */,
				636864261CC73ABF00671304 /* TBBaseCollectionViewController.m in Sources */,
				63C98C871CB767D4008C197E /* NSMutableDictionary+TBObject.m in Sources */,
			);
			runOnlyForDeploymentPostprocessing = 0;
		};
/* End PBXSourcesBuildPhase section */

/* Begin PBXVariantGroup section */
		63028D081CB518BD00682FBD /* Main.storyboard */ = {
			isa = PBXVariantGroup;
			children = (
				63028D091CB518BD00682FBD /* Base */,
			);
			name = Main.storyboard;
			sourceTree = "<group>";
		};
		63028D0D1CB518BD00682FBD /* LaunchScreen.storyboard */ = {
			isa = PBXVariantGroup;
			children = (
				63028D0E1CB518BD00682FBD /* Base */,
			);
			name = LaunchScreen.storyboard;
			sourceTree = "<group>";
		};
/* End PBXVariantGroup section */

/* Begin XCBuildConfiguration section */
		63028D111CB518BD00682FBD /* Debug */ = {
			isa = XCBuildConfiguration;
			buildSettings = {
				ALWAYS_SEARCH_USER_PATHS = NO;
				CLANG_ANALYZER_NONNULL = YES;
				CLANG_CXX_LANGUAGE_STANDARD = "gnu++0x";
				CLANG_CXX_LIBRARY = "libc++";
				CLANG_ENABLE_MODULES = YES;
				CLANG_ENABLE_OBJC_ARC = YES;
				CLANG_WARN_BOOL_CONVERSION = YES;
				CLANG_WARN_CONSTANT_CONVERSION = YES;
				CLANG_WARN_DIRECT_OBJC_ISA_USAGE = YES_ERROR;
				CLANG_WARN_EMPTY_BODY = YES;
				CLANG_WARN_ENUM_CONVERSION = YES;
				CLANG_WARN_INT_CONVERSION = YES;
				CLANG_WARN_OBJC_ROOT_CLASS = YES_ERROR;
				CLANG_WARN_UNREACHABLE_CODE = YES;
				CLANG_WARN__DUPLICATE_METHOD_MATCH = YES;
				"CODE_SIGN_IDENTITY[sdk=iphoneos*]" = "iPhone Developer";
				COPY_PHASE_STRIP = NO;
				DEBUG_INFORMATION_FORMAT = dwarf;
				ENABLE_STRICT_OBJC_MSGSEND = YES;
				ENABLE_TESTABILITY = YES;
				GCC_C_LANGUAGE_STANDARD = gnu99;
				GCC_DYNAMIC_NO_PIC = NO;
				GCC_NO_COMMON_BLOCKS = YES;
				GCC_OPTIMIZATION_LEVEL = 0;
				GCC_PREPROCESSOR_DEFINITIONS = (
					"DEBUG=1",
					"$(inherited)",
				);
				GCC_WARN_64_TO_32_BIT_CONVERSION = YES;
				GCC_WARN_ABOUT_RETURN_TYPE = YES_ERROR;
				GCC_WARN_UNDECLARED_SELECTOR = YES;
				GCC_WARN_UNINITIALIZED_AUTOS = YES_AGGRESSIVE;
				GCC_WARN_UNUSED_FUNCTION = YES;
				GCC_WARN_UNUSED_VARIABLE = YES;
				IPHONEOS_DEPLOYMENT_TARGET = 7.0;
				MTL_ENABLE_DEBUG_INFO = YES;
				ONLY_ACTIVE_ARCH = YES;
				SDKROOT = iphoneos;
				TARGETED_DEVICE_FAMILY = "1,2";
			};
			name = Debug;
		};
		63028D121CB518BD00682FBD /* Release */ = {
			isa = XCBuildConfiguration;
			buildSettings = {
				ALWAYS_SEARCH_USER_PATHS = NO;
				CLANG_ANALYZER_NONNULL = YES;
				CLANG_CXX_LANGUAGE_STANDARD = "gnu++0x";
				CLANG_CXX_LIBRARY = "libc++";
				CLANG_ENABLE_MODULES = YES;
				CLANG_ENABLE_OBJC_ARC = YES;
				CLANG_WARN_BOOL_CONVERSION = YES;
				CLANG_WARN_CONSTANT_CONVERSION = YES;
				CLANG_WARN_DIRECT_OBJC_ISA_USAGE = YES_ERROR;
				CLANG_WARN_EMPTY_BODY = YES;
				CLANG_WARN_ENUM_CONVERSION = YES;
				CLANG_WARN_INT_CONVERSION = YES;
				CLANG_WARN_OBJC_ROOT_CLASS = YES_ERROR;
				CLANG_WARN_UNREACHABLE_CODE = YES;
				CLANG_WARN__DUPLICATE_METHOD_MATCH = YES;
				"CODE_SIGN_IDENTITY[sdk=iphoneos*]" = "iPhone Developer";
				COPY_PHASE_STRIP = NO;
				DEBUG_INFORMATION_FORMAT = "dwarf-with-dsym";
				ENABLE_NS_ASSERTIONS = NO;
				ENABLE_STRICT_OBJC_MSGSEND = YES;
				GCC_C_LANGUAGE_STANDARD = gnu99;
				GCC_NO_COMMON_BLOCKS = YES;
				GCC_WARN_64_TO_32_BIT_CONVERSION = YES;
				GCC_WARN_ABOUT_RETURN_TYPE = YES_ERROR;
				GCC_WARN_UNDECLARED_SELECTOR = YES;
				GCC_WARN_UNINITIALIZED_AUTOS = YES_AGGRESSIVE;
				GCC_WARN_UNUSED_FUNCTION = YES;
				GCC_WARN_UNUSED_VARIABLE = YES;
				IPHONEOS_DEPLOYMENT_TARGET = 7.0;
				MTL_ENABLE_DEBUG_INFO = NO;
				SDKROOT = iphoneos;
				TARGETED_DEVICE_FAMILY = "1,2";
				VALIDATE_PRODUCT = YES;
			};
			name = Release;
		};
		63028D141CB518BD00682FBD /* Debug */ = {
			isa = XCBuildConfiguration;
			baseConfigurationReference = 4E401F4B570C924A7BAC9832 /* Pods-TBCoreTest.debug.xcconfig */;
			buildSettings = {
				ASSETCATALOG_COMPILER_APPICON_NAME = AppIcon;
				INFOPLIST_FILE = TBCoreTest/Info.plist;
				IPHONEOS_DEPLOYMENT_TARGET = 7.0;
				LD_RUNPATH_SEARCH_PATHS = "$(inherited) @executable_path/Frameworks";
				LIBRARY_SEARCH_PATHS = (
					"$(inherited)",
					"$(PROJECT_DIR)/TBCoreTest",
				);
				PRODUCT_BUNDLE_IDENTIFIER = "BunLV-Solution.TBCoreTest";
				PRODUCT_NAME = "$(TARGET_NAME)";
			};
			name = Debug;
		};
		63028D151CB518BD00682FBD /* Release */ = {
			isa = XCBuildConfiguration;
			baseConfigurationReference = 8DD7120C14152A56A068CB8D /* Pods-TBCoreTest.release.xcconfig */;
			buildSettings = {
				ASSETCATALOG_COMPILER_APPICON_NAME = AppIcon;
				INFOPLIST_FILE = TBCoreTest/Info.plist;
				IPHONEOS_DEPLOYMENT_TARGET = 7.0;
				LD_RUNPATH_SEARCH_PATHS = "$(inherited) @executable_path/Frameworks";
				LIBRARY_SEARCH_PATHS = (
					"$(inherited)",
					"$(PROJECT_DIR)/TBCoreTest",
				);
				PRODUCT_BUNDLE_IDENTIFIER = "BunLV-Solution.TBCoreTest";
				PRODUCT_NAME = "$(TARGET_NAME)";
			};
			name = Release;
		};
/* End XCBuildConfiguration section */

/* Begin XCConfigurationList section */
		63028CF71CB518BD00682FBD /* Build configuration list for PBXProject "TBCoreTest" */ = {
			isa = XCConfigurationList;
			buildConfigurations = (
				63028D111CB518BD00682FBD /* Debug */,
				63028D121CB518BD00682FBD /* Release */,
			);
			defaultConfigurationIsVisible = 0;
			defaultConfigurationName = Release;
		};
		63028D131CB518BD00682FBD /* Build configuration list for PBXNativeTarget "TBCoreTest" */ = {
			isa = XCConfigurationList;
			buildConfigurations = (
				63028D141CB518BD00682FBD /* Debug */,
				63028D151CB518BD00682FBD /* Release */,
			);
			defaultConfigurationIsVisible = 0;
			defaultConfigurationName = Release;
		};
/* End XCConfigurationList section */
	};
	rootObject = 63028CF41CB518BD00682FBD /* Project object */;
}
