// !$*UTF8*$!
{
	archiveVersion = 1;
	classes = {
	};
	objectVersion = 46;
	objects = {

/* Begin PBXBuildFile section */
		63028D011CB518BD00682FBD /* main.m in Sources */ = {isa = PBXBuildFile; fileRef = 63028D001CB518BD00682FBD /* main.m */; };
		63028D041CB518BD00682FBD /* AppDelegate.m in Sources */ = {isa = PBXBuildFile; fileRef = 63028D031CB518BD00682FBD /* AppDelegate.m */; };
		63028D071CB518BD00682FBD /* ViewController.m in Sources */ = {isa = PBXBuildFile; fileRef = 63028D061CB518BD00682FBD /* ViewController.m */; };
		63028D0A1CB518BD00682FBD /* Main.storyboard in Resources */ = {isa = PBXBuildFile; fileRef = 63028D081CB518BD00682FBD /* Main.storyboard */; };
		63028D0C1CB518BD00682FBD /* Assets.xcassets in Resources */ = {isa = PBXBuildFile; fileRef = 63028D0B1CB518BD00682FBD /* Assets.xcassets */; };
		63028D0F1CB518BD00682FBD /* LaunchScreen.storyboard in Resources */ = {isa = PBXBuildFile; fileRef = 63028D0D1CB518BD00682FBD /* LaunchScreen.storyboard */; };
		634DD18D1DA39B6B00354F8E /* UIColor+TBCore.m in Sources */ = {isa = PBXBuildFile; fileRef = 634DD1031DA39B6B00354F8E /* UIColor+TBCore.m */; };
		634DD18E1DA39B6B00354F8E /* UIColor+TBHex.m in Sources */ = {isa = PBXBuildFile; fileRef = 634DD1051DA39B6B00354F8E /* UIColor+TBHex.m */; };
		634DD18F1DA39B6B00354F8E /* UIFont+TBCore.m in Sources */ = {isa = PBXBuildFile; fileRef = 634DD1091DA39B6B00354F8E /* UIFont+TBCore.m */; };
		634DD1901DA39B6B00354F8E /* UIView+TBBorder.m in Sources */ = {isa = PBXBuildFile; fileRef = 634DD10D1DA39B6B00354F8E /* UIView+TBBorder.m */; };
		634DD1911DA39B6B00354F8E /* UIView+TBCore.m in Sources */ = {isa = PBXBuildFile; fileRef = 634DD10F1DA39B6B00354F8E /* UIView+TBCore.m */; };
		634DD1921DA39B6B00354F8E /* UIView+TBFrame.m in Sources */ = {isa = PBXBuildFile; fileRef = 634DD1111DA39B6B00354F8E /* UIView+TBFrame.m */; };
		634DD1931DA39B6B00354F8E /* UIView+TBHandle.m in Sources */ = {isa = PBXBuildFile; fileRef = 634DD1131DA39B6B00354F8E /* UIView+TBHandle.m */; };
		634DD1941DA39B6B00354F8E /* UIView+TBLine.m in Sources */ = {isa = PBXBuildFile; fileRef = 634DD1151DA39B6B00354F8E /* UIView+TBLine.m */; };
		634DD1951DA39B6B00354F8E /* UIView+TBTag.m in Sources */ = {isa = PBXBuildFile; fileRef = 634DD1171DA39B6B00354F8E /* UIView+TBTag.m */; };
		634DD1961DA39B6B00354F8E /* UIImageView+TBCore.m in Sources */ = {isa = PBXBuildFile; fileRef = 634DD11B1DA39B6B00354F8E /* UIImageView+TBCore.m */; };
		634DD1971DA39B6B00354F8E /* UILabel+TBResize.m in Sources */ = {isa = PBXBuildFile; fileRef = 634DD11F1DA39B6B00354F8E /* UILabel+TBResize.m */; };
		634DD1981DA39B6B00354F8E /* UIButton+TBCore.m in Sources */ = {isa = PBXBuildFile; fileRef = 634DD1231DA39B6B00354F8E /* UIButton+TBCore.m */; };
		634DD1991DA39B6B00354F8E /* UIAlertView+TBBlock.m in Sources */ = {isa = PBXBuildFile; fileRef = 634DD1271DA39B6B00354F8E /* UIAlertView+TBBlock.m */; };
		634DD19A1DA39B6B00354F8E /* UIStoryboard+TBCore.m in Sources */ = {isa = PBXBuildFile; fileRef = 634DD12B1DA39B6B00354F8E /* UIStoryboard+TBCore.m */; };
		634DD19B1DA39B6B00354F8E /* UINavigationBar+TBCore.m in Sources */ = {isa = PBXBuildFile; fileRef = 634DD12F1DA39B6B00354F8E /* UINavigationBar+TBCore.m */; };
		634DD19C1DA39B6B00354F8E /* UIViewController+TBCore.m in Sources */ = {isa = PBXBuildFile; fileRef = 634DD1331DA39B6B00354F8E /* UIViewController+TBCore.m */; };
		634DD19D1DA39B6B00354F8E /* UINavigationController+TBCore.m in Sources */ = {isa = PBXBuildFile; fileRef = 634DD1371DA39B6B00354F8E /* UINavigationController+TBCore.m */; };
		634DD19E1DA39B6B00354F8E /* UINavigationController+TBNavBarCustom.m in Sources */ = {isa = PBXBuildFile; fileRef = 634DD1391DA39B6B00354F8E /* UINavigationController+TBNavBarCustom.m */; };
		634DD19F1DA39B6B00354F8E /* NSString+TBChange.m in Sources */ = {isa = PBXBuildFile; fileRef = 634DD13D1DA39B6B00354F8E /* NSString+TBChange.m */; };
		634DD1A01DA39B6B00354F8E /* NSString+TBCheck.m in Sources */ = {isa = PBXBuildFile; fileRef = 634DD13F1DA39B6B00354F8E /* NSString+TBCheck.m */; };
		634DD1A11DA39B6B00354F8E /* NSString+TBConvert.m in Sources */ = {isa = PBXBuildFile; fileRef = 634DD1411DA39B6B00354F8E /* NSString+TBConvert.m */; };
		634DD1A21DA39B6B00354F8E /* NSString+TBDevice.m in Sources */ = {isa = PBXBuildFile; fileRef = 634DD1431DA39B6B00354F8E /* NSString+TBDevice.m */; };
		634DD1A31DA39B6B00354F8E /* NSString+TBPath.m in Sources */ = {isa = PBXBuildFile; fileRef = 634DD1451DA39B6B00354F8E /* NSString+TBPath.m */; };
		634DD1A41DA39B6B00354F8E /* NSString+TBUrl.m in Sources */ = {isa = PBXBuildFile; fileRef = 634DD1471DA39B6B00354F8E /* NSString+TBUrl.m */; };
		634DD1A51DA39B6B00354F8E /* NSString+TBValid.m in Sources */ = {isa = PBXBuildFile; fileRef = 634DD1491DA39B6B00354F8E /* NSString+TBValid.m */; };
		634DD1A61DA39B6B00354F8E /* NSDictionary+TBObject.m in Sources */ = {isa = PBXBuildFile; fileRef = 634DD14D1DA39B6B00354F8E /* NSDictionary+TBObject.m */; };
		634DD1A71DA39B6B00354F8E /* NSMutableDictionary+TBObject.m in Sources */ = {isa = PBXBuildFile; fileRef = 634DD14F1DA39B6B00354F8E /* NSMutableDictionary+TBObject.m */; };
		634DD1A81DA39B6B00354F8E /* NSArray+TBObject.m in Sources */ = {isa = PBXBuildFile; fileRef = 634DD1531DA39B6B00354F8E /* NSArray+TBObject.m */; };
		634DD1A91DA39B6B00354F8E /* NSMutableArray+TBObject.m in Sources */ = {isa = PBXBuildFile; fileRef = 634DD1551DA39B6B00354F8E /* NSMutableArray+TBObject.m */; };
		634DD1AA1DA39B6B00354F8E /* NSDate+TBCheck.m in Sources */ = {isa = PBXBuildFile; fileRef = 634DD1591DA39B6B00354F8E /* NSDate+TBCheck.m */; };
		634DD1AB1DA39B6B00354F8E /* NSDate+TBCore.m in Sources */ = {isa = PBXBuildFile; fileRef = 634DD15B1DA39B6B00354F8E /* NSDate+TBCore.m */; };
		634DD1AC1DA39B6B00354F8E /* NSUserDefaults+TBCore.m in Sources */ = {isa = PBXBuildFile; fileRef = 634DD15F1DA39B6B00354F8E /* NSUserDefaults+TBCore.m */; };
		634DD1AD1DA39B6B00354F8E /* AutoCoding.m in Sources */ = {isa = PBXBuildFile; fileRef = 634DD1641DA39B6B00354F8E /* AutoCoding.m */; };
		634DD1AE1DA39B6B00354F8E /* TBAFHTTPSessionManager.m in Sources */ = {isa = PBXBuildFile; fileRef = 634DD1671DA39B6B00354F8E /* TBAFHTTPSessionManager.m */; };
		634DD1AF1DA39B6B00354F8E /* TBService+Demo.m in Sources */ = {isa = PBXBuildFile; fileRef = 634DD1691DA39B6B00354F8E /* TBService+Demo.m */; };
		634DD1B01DA39B6B00354F8E /* TBService.m in Sources */ = {isa = PBXBuildFile; fileRef = 634DD16B1DA39B6B00354F8E /* TBService.m */; };
		634DD1B11DA39B6B00354F8E /* TBBaseList.m in Sources */ = {isa = PBXBuildFile; fileRef = 634DD16F1DA39B6B00354F8E /* TBBaseList.m */; };
		634DD1B21DA39B6B00354F8E /* TBBaseObject+TBCell.m in Sources */ = {isa = PBXBuildFile; fileRef = 634DD1711DA39B6B00354F8E /* TBBaseObject+TBCell.m */; };
		634DD1B31DA39B6B00354F8E /* TBBaseObject+TBMutlDelegate.m in Sources */ = {isa = PBXBuildFile; fileRef = 634DD1731DA39B6B00354F8E /* TBBaseObject+TBMutlDelegate.m */; };
		634DD1B41DA39B6B00354F8E /* TBBaseObject+TBUserDefault.m in Sources */ = {isa = PBXBuildFile; fileRef = 634DD1751DA39B6B00354F8E /* TBBaseObject+TBUserDefault.m */; };
		634DD1B51DA39B6B00354F8E /* TBBaseObject.m in Sources */ = {isa = PBXBuildFile; fileRef = 634DD1771DA39B6B00354F8E /* TBBaseObject.m */; };
		634DD1B61DA39B6B00354F8E /* TBBaseCollectionViewCell.m in Sources */ = {isa = PBXBuildFile; fileRef = 634DD17A1DA39B6B00354F8E /* TBBaseCollectionViewCell.m */; };
		634DD1B71DA39B6B00354F8E /* TBBaseTableViewCell.m in Sources */ = {isa = PBXBuildFile; fileRef = 634DD17C1DA39B6B00354F8E /* TBBaseTableViewCell.m */; };
		634DD1B81DA39B6B00354F8E /* TBBaseView.m in Sources */ = {isa = PBXBuildFile; fileRef = 634DD17E1DA39B6B00354F8E /* TBBaseView.m */; };
		634DD1B91DA39B6B00354F8E /* UICollectionViewCell+TBBaseCollectionViewCell.m in Sources */ = {isa = PBXBuildFile; fileRef = 634DD1801DA39B6B00354F8E /* UICollectionViewCell+TBBaseCollectionViewCell.m */; };
		634DD1BA1DA39B6B00354F8E /* UITableViewCell+TBBaseTableViewCell.m in Sources */ = {isa = PBXBuildFile; fileRef = 634DD1821DA39B6B00354F8E /* UITableViewCell+TBBaseTableViewCell.m */; };
		634DD1BB1DA39B6B00354F8E /* TBBaseCollectionViewController.m in Sources */ = {isa = PBXBuildFile; fileRef = 634DD1851DA39B6B00354F8E /* TBBaseCollectionViewController.m */; };
		634DD1BC1DA39B6B00354F8E /* TBBaseTableViewController.m in Sources */ = {isa = PBXBuildFile; fileRef = 634DD1871DA39B6B00354F8E /* TBBaseTableViewController.m */; };
		634DD1BD1DA39B6B00354F8E /* TBBaseViewController.m in Sources */ = {isa = PBXBuildFile; fileRef = 634DD1891DA39B6B00354F8E /* TBBaseViewController.m */; };
		634DD1BE1DA39B6B00354F8E /* Demo.png in Resources */ = {isa = PBXBuildFile; fileRef = 634DD18B1DA39B6B00354F8E /* Demo.png */; };
		63EC7ED51CB67CCB00616634 /* libAFNetworking.a in Frameworks */ = {isa = PBXBuildFile; fileRef = 63EC7ED31CB67CCB00616634 /* libAFNetworking.a */; };
		63EC7ED61CB67CCB00616634 /* libSVPullToRefresh.a in Frameworks */ = {isa = PBXBuildFile; fileRef = 63EC7ED41CB67CCB00616634 /* libSVPullToRefresh.a */; };
		B5DB67A54A3E68E5C57DFE76 /* libPods-TBCoreTest.a in Frameworks */ = {isa = PBXBuildFile; fileRef = AF9EC47C63A6DC437E655081 /* libPods-TBCoreTest.a */; };
/* End PBXBuildFile section */

/* Begin PBXFileReference section */
		4E401F4B570C924A7BAC9832 /* Pods-TBCoreTest.debug.xcconfig */ = {isa = PBXFileReference; includeInIndex = 1; lastKnownFileType = text.xcconfig; name = "Pods-TBCoreTest.debug.xcconfig"; path = "Pods/Target Support Files/Pods-TBCoreTest/Pods-TBCoreTest.debug.xcconfig"; sourceTree = "<group>"; };
		63028CFC1CB518BD00682FBD /* TBCoreTest.app */ = {isa = PBXFileReference; explicitFileType = wrapper.application; includeInIndex = 0; path = TBCoreTest.app; sourceTree = BUILT_PRODUCTS_DIR; };
		63028D001CB518BD00682FBD /* main.m */ = {isa = PBXFileReference; lastKnownFileType = sourcecode.c.objc; path = main.m; sourceTree = "<group>"; };
		63028D021CB518BD00682FBD /* AppDelegate.h */ = {isa = PBXFileReference; lastKnownFileType = sourcecode.c.h; path = AppDelegate.h; sourceTree = "<group>"; };
		63028D031CB518BD00682FBD /* AppDelegate.m */ = {isa = PBXFileReference; lastKnownFileType = sourcecode.c.objc; path = AppDelegate.m; sourceTree = "<group>"; };
		63028D051CB518BD00682FBD /* ViewController.h */ = {isa = PBXFileReference; lastKnownFileType = sourcecode.c.h; path = ViewController.h; sourceTree = "<group>"; };
		63028D061CB518BD00682FBD /* ViewController.m */ = {isa = PBXFileReference; lastKnownFileType = sourcecode.c.objc; path = ViewController.m; sourceTree = "<group>"; };
		63028D091CB518BD00682FBD /* Base */ = {isa = PBXFileReference; lastKnownFileType = file.storyboard; name = Base; path = Base.lproj/Main.storyboard; sourceTree = "<group>"; };
		63028D0B1CB518BD00682FBD /* Assets.xcassets */ = {isa = PBXFileReference; lastKnownFileType = folder.assetcatalog; path = Assets.xcassets; sourceTree = "<group>"; };
		63028D0E1CB518BD00682FBD /* Base */ = {isa = PBXFileReference; lastKnownFileType = file.storyboard; name = Base; path = Base.lproj/LaunchScreen.storyboard; sourceTree = "<group>"; };
		63028D101CB518BD00682FBD /* Info.plist */ = {isa = PBXFileReference; lastKnownFileType = text.plist.xml; path = Info.plist; sourceTree = "<group>"; };
		634DD0FC1DA39B6B00354F8E /* TB-Header-Define.h */ = {isa = PBXFileReference; fileEncoding = 4; lastKnownFileType = sourcecode.c.h; path = "TB-Header-Define.h"; sourceTree = "<group>"; };
		634DD0FD1DA39B6B00354F8E /* TBDefineCore.h */ = {isa = PBXFileReference; fileEncoding = 4; lastKnownFileType = sourcecode.c.h; path = TBDefineCore.h; sourceTree = "<group>"; };
		634DD1011DA39B6B00354F8E /* TB-Header-UIColor.h */ = {isa = PBXFileReference; fileEncoding = 4; lastKnownFileType = sourcecode.c.h; path = "TB-Header-UIColor.h"; sourceTree = "<group>"; };
		634DD1021DA39B6B00354F8E /* UIColor+TBCore.h */ = {isa = PBXFileReference; fileEncoding = 4; lastKnownFileType = sourcecode.c.h; path = "UIColor+TBCore.h"; sourceTree = "<group>"; };
		634DD1031DA39B6B00354F8E /* UIColor+TBCore.m */ = {isa = PBXFileReference; fileEncoding = 4; lastKnownFileType = sourcecode.c.objc; path = "UIColor+TBCore.m"; sourceTree = "<group>"; };
		634DD1041DA39B6B00354F8E /* UIColor+TBHex.h */ = {isa = PBXFileReference; fileEncoding = 4; lastKnownFileType = sourcecode.c.h; path = "UIColor+TBHex.h"; sourceTree = "<group>"; };
		634DD1051DA39B6B00354F8E /* UIColor+TBHex.m */ = {isa = PBXFileReference; fileEncoding = 4; lastKnownFileType = sourcecode.c.objc; path = "UIColor+TBHex.m"; sourceTree = "<group>"; };
		634DD1071DA39B6B00354F8E /* TB-Header-UIFont.h */ = {isa = PBXFileReference; fileEncoding = 4; lastKnownFileType = sourcecode.c.h; path = "TB-Header-UIFont.h"; sourceTree = "<group>"; };
		634DD1081DA39B6B00354F8E /* UIFont+TBCore.h */ = {isa = PBXFileReference; fileEncoding = 4; lastKnownFileType = sourcecode.c.h; path = "UIFont+TBCore.h"; sourceTree = "<group>"; };
		634DD1091DA39B6B00354F8E /* UIFont+TBCore.m */ = {isa = PBXFileReference; fileEncoding = 4; lastKnownFileType = sourcecode.c.objc; path = "UIFont+TBCore.m"; sourceTree = "<group>"; };
		634DD10B1DA39B6B00354F8E /* TB-Header-UIView.h */ = {isa = PBXFileReference; fileEncoding = 4; lastKnownFileType = sourcecode.c.h; path = "TB-Header-UIView.h"; sourceTree = "<group>"; };
		634DD10C1DA39B6B00354F8E /* UIView+TBBorder.h */ = {isa = PBXFileReference; fileEncoding = 4; lastKnownFileType = sourcecode.c.h; path = "UIView+TBBorder.h"; sourceTree = "<group>"; };
		634DD10D1DA39B6B00354F8E /* UIView+TBBorder.m */ = {isa = PBXFileReference; fileEncoding = 4; lastKnownFileType = sourcecode.c.objc; path = "UIView+TBBorder.m"; sourceTree = "<group>"; };
		634DD10E1DA39B6B00354F8E /* UIView+TBCore.h */ = {isa = PBXFileReference; fileEncoding = 4; lastKnownFileType = sourcecode.c.h; path = "UIView+TBCore.h"; sourceTree = "<group>"; };
		634DD10F1DA39B6B00354F8E /* UIView+TBCore.m */ = {isa = PBXFileReference; fileEncoding = 4; lastKnownFileType = sourcecode.c.objc; path = "UIView+TBCore.m"; sourceTree = "<group>"; };
		634DD1101DA39B6B00354F8E /* UIView+TBFrame.h */ = {isa = PBXFileReference; fileEncoding = 4; lastKnownFileType = sourcecode.c.h; path = "UIView+TBFrame.h"; sourceTree = "<group>"; };
		634DD1111DA39B6B00354F8E /* UIView+TBFrame.m */ = {isa = PBXFileReference; fileEncoding = 4; lastKnownFileType = sourcecode.c.objc; path = "UIView+TBFrame.m"; sourceTree = "<group>"; };
		634DD1121DA39B6B00354F8E /* UIView+TBHandle.h */ = {isa = PBXFileReference; fileEncoding = 4; lastKnownFileType = sourcecode.c.h; path = "UIView+TBHandle.h"; sourceTree = "<group>"; };
		634DD1131DA39B6B00354F8E /* UIView+TBHandle.m */ = {isa = PBXFileReference; fileEncoding = 4; lastKnownFileType = sourcecode.c.objc; path = "UIView+TBHandle.m"; sourceTree = "<group>"; };
		634DD1141DA39B6B00354F8E /* UIView+TBLine.h */ = {isa = PBXFileReference; fileEncoding = 4; lastKnownFileType = sourcecode.c.h; path = "UIView+TBLine.h"; sourceTree = "<group>"; };
		634DD1151DA39B6B00354F8E /* UIView+TBLine.m */ = {isa = PBXFileReference; fileEncoding = 4; lastKnownFileType = sourcecode.c.objc; path = "UIView+TBLine.m"; sourceTree = "<group>"; };
		634DD1161DA39B6B00354F8E /* UIView+TBTag.h */ = {isa = PBXFileReference; fileEncoding = 4; lastKnownFileType = sourcecode.c.h; path = "UIView+TBTag.h"; sourceTree = "<group>"; };
		634DD1171DA39B6B00354F8E /* UIView+TBTag.m */ = {isa = PBXFileReference; fileEncoding = 4; lastKnownFileType = sourcecode.c.objc; path = "UIView+TBTag.m"; sourceTree = "<group>"; };
		634DD1191DA39B6B00354F8E /* TB-Header-UIImageView.h */ = {isa = PBXFileReference; fileEncoding = 4; lastKnownFileType = sourcecode.c.h; path = "TB-Header-UIImageView.h"; sourceTree = "<group>"; };
		634DD11A1DA39B6B00354F8E /* UIImageView+TBCore.h */ = {isa = PBXFileReference; fileEncoding = 4; lastKnownFileType = sourcecode.c.h; path = "UIImageView+TBCore.h"; sourceTree = "<group>"; };
		634DD11B1DA39B6B00354F8E /* UIImageView+TBCore.m */ = {isa = PBXFileReference; fileEncoding = 4; lastKnownFileType = sourcecode.c.objc; path = "UIImageView+TBCore.m"; sourceTree = "<group>"; };
		634DD11D1DA39B6B00354F8E /* TB-Header-UILabel.h */ = {isa = PBXFileReference; fileEncoding = 4; lastKnownFileType = sourcecode.c.h; path = "TB-Header-UILabel.h"; sourceTree = "<group>"; };
		634DD11E1DA39B6B00354F8E /* UILabel+TBResize.h */ = {isa = PBXFileReference; fileEncoding = 4; lastKnownFileType = sourcecode.c.h; path = "UILabel+TBResize.h"; sourceTree = "<group>"; };
		634DD11F1DA39B6B00354F8E /* UILabel+TBResize.m */ = {isa = PBXFileReference; fileEncoding = 4; lastKnownFileType = sourcecode.c.objc; path = "UILabel+TBResize.m"; sourceTree = "<group>"; };
		634DD1211DA39B6B00354F8E /* TB-Header-UIButton.h */ = {isa = PBXFileReference; fileEncoding = 4; lastKnownFileType = sourcecode.c.h; path = "TB-Header-UIButton.h"; sourceTree = "<group>"; };
		634DD1221DA39B6B00354F8E /* UIButton+TBCore.h */ = {isa = PBXFileReference; fileEncoding = 4; lastKnownFileType = sourcecode.c.h; path = "UIButton+TBCore.h"; sourceTree = "<group>"; };
		634DD1231DA39B6B00354F8E /* UIButton+TBCore.m */ = {isa = PBXFileReference; fileEncoding = 4; lastKnownFileType = sourcecode.c.objc; path = "UIButton+TBCore.m"; sourceTree = "<group>"; };
		634DD1251DA39B6B00354F8E /* TB-Header-UIAlertView.h */ = {isa = PBXFileReference; fileEncoding = 4; lastKnownFileType = sourcecode.c.h; path = "TB-Header-UIAlertView.h"; sourceTree = "<group>"; };
		634DD1261DA39B6B00354F8E /* UIAlertView+TBBlock.h */ = {isa = PBXFileReference; fileEncoding = 4; lastKnownFileType = sourcecode.c.h; path = "UIAlertView+TBBlock.h"; sourceTree = "<group>"; };
		634DD1271DA39B6B00354F8E /* UIAlertView+TBBlock.m */ = {isa = PBXFileReference; fileEncoding = 4; lastKnownFileType = sourcecode.c.objc; path = "UIAlertView+TBBlock.m"; sourceTree = "<group>"; };
		634DD1291DA39B6B00354F8E /* TB-Header-UIStoryboard.h */ = {isa = PBXFileReference; fileEncoding = 4; lastKnownFileType = sourcecode.c.h; path = "TB-Header-UIStoryboard.h"; sourceTree = "<group>"; };
		634DD12A1DA39B6B00354F8E /* UIStoryboard+TBCore.h */ = {isa = PBXFileReference; fileEncoding = 4; lastKnownFileType = sourcecode.c.h; path = "UIStoryboard+TBCore.h"; sourceTree = "<group>"; };
		634DD12B1DA39B6B00354F8E /* UIStoryboard+TBCore.m */ = {isa = PBXFileReference; fileEncoding = 4; lastKnownFileType = sourcecode.c.objc; path = "UIStoryboard+TBCore.m"; sourceTree = "<group>"; };
		634DD12D1DA39B6B00354F8E /* TB-Header-UINavigationBar.h */ = {isa = PBXFileReference; fileEncoding = 4; lastKnownFileType = sourcecode.c.h; path = "TB-Header-UINavigationBar.h"; sourceTree = "<group>"; };
		634DD12E1DA39B6B00354F8E /* UINavigationBar+TBCore.h */ = {isa = PBXFileReference; fileEncoding = 4; lastKnownFileType = sourcecode.c.h; path = "UINavigationBar+TBCore.h"; sourceTree = "<group>"; };
		634DD12F1DA39B6B00354F8E /* UINavigationBar+TBCore.m */ = {isa = PBXFileReference; fileEncoding = 4; lastKnownFileType = sourcecode.c.objc; path = "UINavigationBar+TBCore.m"; sourceTree = "<group>"; };
		634DD1311DA39B6B00354F8E /* TB-Header-UIViewController.h */ = {isa = PBXFileReference; fileEncoding = 4; lastKnownFileType = sourcecode.c.h; path = "TB-Header-UIViewController.h"; sourceTree = "<group>"; };
		634DD1321DA39B6B00354F8E /* UIViewController+TBCore.h */ = {isa = PBXFileReference; fileEncoding = 4; lastKnownFileType = sourcecode.c.h; path = "UIViewController+TBCore.h"; sourceTree = "<group>"; };
		634DD1331DA39B6B00354F8E /* UIViewController+TBCore.m */ = {isa = PBXFileReference; fileEncoding = 4; lastKnownFileType = sourcecode.c.objc; path = "UIViewController+TBCore.m"; sourceTree = "<group>"; };
		634DD1351DA39B6B00354F8E /* TB-Header-UINavigationController.h */ = {isa = PBXFileReference; fileEncoding = 4; lastKnownFileType = sourcecode.c.h; path = "TB-Header-UINavigationController.h"; sourceTree = "<group>"; };
		634DD1361DA39B6B00354F8E /* UINavigationController+TBCore.h */ = {isa = PBXFileReference; fileEncoding = 4; lastKnownFileType = sourcecode.c.h; path = "UINavigationController+TBCore.h"; sourceTree = "<group>"; };
		634DD1371DA39B6B00354F8E /* UINavigationController+TBCore.m */ = {isa = PBXFileReference; fileEncoding = 4; lastKnownFileType = sourcecode.c.objc; path = "UINavigationController+TBCore.m"; sourceTree = "<group>"; };
		634DD1381DA39B6B00354F8E /* UINavigationController+TBNavBarCustom.h */ = {isa = PBXFileReference; fileEncoding = 4; lastKnownFileType = sourcecode.c.h; path = "UINavigationController+TBNavBarCustom.h"; sourceTree = "<group>"; };
		634DD1391DA39B6B00354F8E /* UINavigationController+TBNavBarCustom.m */ = {isa = PBXFileReference; fileEncoding = 4; lastKnownFileType = sourcecode.c.objc; path = "UINavigationController+TBNavBarCustom.m"; sourceTree = "<group>"; };
		634DD13C1DA39B6B00354F8E /* NSString+TBChange.h */ = {isa = PBXFileReference; fileEncoding = 4; lastKnownFileType = sourcecode.c.h; path = "NSString+TBChange.h"; sourceTree = "<group>"; };
		634DD13D1DA39B6B00354F8E /* NSString+TBChange.m */ = {isa = PBXFileReference; fileEncoding = 4; lastKnownFileType = sourcecode.c.objc; path = "NSString+TBChange.m"; sourceTree = "<group>"; };
		634DD13E1DA39B6B00354F8E /* NSString+TBCheck.h */ = {isa = PBXFileReference; fileEncoding = 4; lastKnownFileType = sourcecode.c.h; path = "NSString+TBCheck.h"; sourceTree = "<group>"; };
		634DD13F1DA39B6B00354F8E /* NSString+TBCheck.m */ = {isa = PBXFileReference; fileEncoding = 4; lastKnownFileType = sourcecode.c.objc; path = "NSString+TBCheck.m"; sourceTree = "<group>"; };
		634DD1401DA39B6B00354F8E /* NSString+TBConvert.h */ = {isa = PBXFileReference; fileEncoding = 4; lastKnownFileType = sourcecode.c.h; path = "NSString+TBConvert.h"; sourceTree = "<group>"; };
		634DD1411DA39B6B00354F8E /* NSString+TBConvert.m */ = {isa = PBXFileReference; fileEncoding = 4; lastKnownFileType = sourcecode.c.objc; path = "NSString+TBConvert.m"; sourceTree = "<group>"; };
		634DD1421DA39B6B00354F8E /* NSString+TBDevice.h */ = {isa = PBXFileReference; fileEncoding = 4; lastKnownFileType = sourcecode.c.h; path = "NSString+TBDevice.h"; sourceTree = "<group>"; };
		634DD1431DA39B6B00354F8E /* NSString+TBDevice.m */ = {isa = PBXFileReference; fileEncoding = 4; lastKnownFileType = sourcecode.c.objc; path = "NSString+TBDevice.m"; sourceTree = "<group>"; };
		634DD1441DA39B6B00354F8E /* NSString+TBPath.h */ = {isa = PBXFileReference; fileEncoding = 4; lastKnownFileType = sourcecode.c.h; path = "NSString+TBPath.h"; sourceTree = "<group>"; };
		634DD1451DA39B6B00354F8E /* NSString+TBPath.m */ = {isa = PBXFileReference; fileEncoding = 4; lastKnownFileType = sourcecode.c.objc; path = "NSString+TBPath.m"; sourceTree = "<group>"; };
		634DD1461DA39B6B00354F8E /* NSString+TBUrl.h */ = {isa = PBXFileReference; fileEncoding = 4; lastKnownFileType = sourcecode.c.h; path = "NSString+TBUrl.h"; sourceTree = "<group>"; };
		634DD1471DA39B6B00354F8E /* NSString+TBUrl.m */ = {isa = PBXFileReference; fileEncoding = 4; lastKnownFileType = sourcecode.c.objc; path = "NSString+TBUrl.m"; sourceTree = "<group>"; };
		634DD1481DA39B6B00354F8E /* NSString+TBValid.h */ = {isa = PBXFileReference; fileEncoding = 4; lastKnownFileType = sourcecode.c.h; path = "NSString+TBValid.h"; sourceTree = "<group>"; };
		634DD1491DA39B6B00354F8E /* NSString+TBValid.m */ = {isa = PBXFileReference; fileEncoding = 4; lastKnownFileType = sourcecode.c.objc; path = "NSString+TBValid.m"; sourceTree = "<group>"; };
		634DD14A1DA39B6B00354F8E /* TB-Header-NSString.h */ = {isa = PBXFileReference; fileEncoding = 4; lastKnownFileType = sourcecode.c.h; path = "TB-Header-NSString.h"; sourceTree = "<group>"; };
		634DD14C1DA39B6B00354F8E /* NSDictionary+TBObject.h */ = {isa = PBXFileReference; fileEncoding = 4; lastKnownFileType = sourcecode.c.h; path = "NSDictionary+TBObject.h"; sourceTree = "<group>"; };
		634DD14D1DA39B6B00354F8E /* NSDictionary+TBObject.m */ = {isa = PBXFileReference; fileEncoding = 4; lastKnownFileType = sourcecode.c.objc; path = "NSDictionary+TBObject.m"; sourceTree = "<group>"; };
		634DD14E1DA39B6B00354F8E /* NSMutableDictionary+TBObject.h */ = {isa = PBXFileReference; fileEncoding = 4; lastKnownFileType = sourcecode.c.h; path = "NSMutableDictionary+TBObject.h"; sourceTree = "<group>"; };
		634DD14F1DA39B6B00354F8E /* NSMutableDictionary+TBObject.m */ = {isa = PBXFileReference; fileEncoding = 4; lastKnownFileType = sourcecode.c.objc; path = "NSMutableDictionary+TBObject.m"; sourceTree = "<group>"; };
		634DD1501DA39B6B00354F8E /* TB-Header-NSDictionary.h */ = {isa = PBXFileReference; fileEncoding = 4; lastKnownFileType = sourcecode.c.h; path = "TB-Header-NSDictionary.h"; sourceTree = "<group>"; };
		634DD1521DA39B6B00354F8E /* NSArray+TBObject.h */ = {isa = PBXFileReference; fileEncoding = 4; lastKnownFileType = sourcecode.c.h; path = "NSArray+TBObject.h"; sourceTree = "<group>"; };
		634DD1531DA39B6B00354F8E /* NSArray+TBObject.m */ = {isa = PBXFileReference; fileEncoding = 4; lastKnownFileType = sourcecode.c.objc; path = "NSArray+TBObject.m"; sourceTree = "<group>"; };
		634DD1541DA39B6B00354F8E /* NSMutableArray+TBObject.h */ = {isa = PBXFileReference; fileEncoding = 4; lastKnownFileType = sourcecode.c.h; path = "NSMutableArray+TBObject.h"; sourceTree = "<group>"; };
		634DD1551DA39B6B00354F8E /* NSMutableArray+TBObject.m */ = {isa = PBXFileReference; fileEncoding = 4; lastKnownFileType = sourcecode.c.objc; path = "NSMutableArray+TBObject.m"; sourceTree = "<group>"; };
		634DD1561DA39B6B00354F8E /* TB-Header-NSArray.h */ = {isa = PBXFileReference; fileEncoding = 4; lastKnownFileType = sourcecode.c.h; path = "TB-Header-NSArray.h"; sourceTree = "<group>"; };
		634DD1581DA39B6B00354F8E /* NSDate+TBCheck.h */ = {isa = PBXFileReference; fileEncoding = 4; lastKnownFileType = sourcecode.c.h; path = "NSDate+TBCheck.h"; sourceTree = "<group>"; };
		634DD1591DA39B6B00354F8E /* NSDate+TBCheck.m */ = {isa = PBXFileReference; fileEncoding = 4; lastKnownFileType = sourcecode.c.objc; path = "NSDate+TBCheck.m"; sourceTree = "<group>"; };
		634DD15A1DA39B6B00354F8E /* NSDate+TBCore.h */ = {isa = PBXFileReference; fileEncoding = 4; lastKnownFileType = sourcecode.c.h; path = "NSDate+TBCore.h"; sourceTree = "<group>"; };
		634DD15B1DA39B6B00354F8E /* NSDate+TBCore.m */ = {isa = PBXFileReference; fileEncoding = 4; lastKnownFileType = sourcecode.c.objc; path = "NSDate+TBCore.m"; sourceTree = "<group>"; };
		634DD15C1DA39B6B00354F8E /* TB-Header-NSDate.h */ = {isa = PBXFileReference; fileEncoding = 4; lastKnownFileType = sourcecode.c.h; path = "TB-Header-NSDate.h"; sourceTree = "<group>"; };
		634DD15E1DA39B6B00354F8E /* NSUserDefaults+TBCore.h */ = {isa = PBXFileReference; fileEncoding = 4; lastKnownFileType = sourcecode.c.h; path = "NSUserDefaults+TBCore.h"; sourceTree = "<group>"; };
		634DD15F1DA39B6B00354F8E /* NSUserDefaults+TBCore.m */ = {isa = PBXFileReference; fileEncoding = 4; lastKnownFileType = sourcecode.c.objc; path = "NSUserDefaults+TBCore.m"; sourceTree = "<group>"; };
		634DD1601DA39B6B00354F8E /* TB-Header-NSUserDefaults.h */ = {isa = PBXFileReference; fileEncoding = 4; lastKnownFileType = sourcecode.c.h; path = "TB-Header-NSUserDefaults.h"; sourceTree = "<group>"; };
		634DD1631DA39B6B00354F8E /* AutoCoding.h */ = {isa = PBXFileReference; fileEncoding = 4; lastKnownFileType = sourcecode.c.h; path = AutoCoding.h; sourceTree = "<group>"; };
		634DD1641DA39B6B00354F8E /* AutoCoding.m */ = {isa = PBXFileReference; fileEncoding = 4; lastKnownFileType = sourcecode.c.objc; path = AutoCoding.m; sourceTree = "<group>"; };
		634DD1661DA39B6B00354F8E /* TBAFHTTPSessionManager.h */ = {isa = PBXFileReference; fileEncoding = 4; lastKnownFileType = sourcecode.c.h; path = TBAFHTTPSessionManager.h; sourceTree = "<group>"; };
		634DD1671DA39B6B00354F8E /* TBAFHTTPSessionManager.m */ = {isa = PBXFileReference; fileEncoding = 4; lastKnownFileType = sourcecode.c.objc; path = TBAFHTTPSessionManager.m; sourceTree = "<group>"; };
		634DD1681DA39B6B00354F8E /* TBService+Demo.h */ = {isa = PBXFileReference; fileEncoding = 4; lastKnownFileType = sourcecode.c.h; path = "TBService+Demo.h"; sourceTree = "<group>"; };
		634DD1691DA39B6B00354F8E /* TBService+Demo.m */ = {isa = PBXFileReference; fileEncoding = 4; lastKnownFileType = sourcecode.c.objc; path = "TBService+Demo.m"; sourceTree = "<group>"; };
		634DD16A1DA39B6B00354F8E /* TBService.h */ = {isa = PBXFileReference; fileEncoding = 4; lastKnownFileType = sourcecode.c.h; path = TBService.h; sourceTree = "<group>"; };
		634DD16B1DA39B6B00354F8E /* TBService.m */ = {isa = PBXFileReference; fileEncoding = 4; lastKnownFileType = sourcecode.c.objc; path = TBService.m; sourceTree = "<group>"; };
		634DD16E1DA39B6B00354F8E /* TBBaseList.h */ = {isa = PBXFileReference; fileEncoding = 4; lastKnownFileType = sourcecode.c.h; path = TBBaseList.h; sourceTree = "<group>"; };
		634DD16F1DA39B6B00354F8E /* TBBaseList.m */ = {isa = PBXFileReference; fileEncoding = 4; lastKnownFileType = sourcecode.c.objc; path = TBBaseList.m; sourceTree = "<group>"; };
		634DD1701DA39B6B00354F8E /* TBBaseObject+TBCell.h */ = {isa = PBXFileReference; fileEncoding = 4; lastKnownFileType = sourcecode.c.h; path = "TBBaseObject+TBCell.h"; sourceTree = "<group>"; };
		634DD1711DA39B6B00354F8E /* TBBaseObject+TBCell.m */ = {isa = PBXFileReference; fileEncoding = 4; lastKnownFileType = sourcecode.c.objc; path = "TBBaseObject+TBCell.m"; sourceTree = "<group>"; };
		634DD1721DA39B6B00354F8E /* TBBaseObject+TBMutlDelegate.h */ = {isa = PBXFileReference; fileEncoding = 4; lastKnownFileType = sourcecode.c.h; path = "TBBaseObject+TBMutlDelegate.h"; sourceTree = "<group>"; };
		634DD1731DA39B6B00354F8E /* TBBaseObject+TBMutlDelegate.m */ = {isa = PBXFileReference; fileEncoding = 4; lastKnownFileType = sourcecode.c.objc; path = "TBBaseObject+TBMutlDelegate.m"; sourceTree = "<group>"; };
		634DD1741DA39B6B00354F8E /* TBBaseObject+TBUserDefault.h */ = {isa = PBXFileReference; fileEncoding = 4; lastKnownFileType = sourcecode.c.h; path = "TBBaseObject+TBUserDefault.h"; sourceTree = "<group>"; };
		634DD1751DA39B6B00354F8E /* TBBaseObject+TBUserDefault.m */ = {isa = PBXFileReference; fileEncoding = 4; lastKnownFileType = sourcecode.c.objc; path = "TBBaseObject+TBUserDefault.m"; sourceTree = "<group>"; };
		634DD1761DA39B6B00354F8E /* TBBaseObject.h */ = {isa = PBXFileReference; fileEncoding = 4; lastKnownFileType = sourcecode.c.h; path = TBBaseObject.h; sourceTree = "<group>"; };
		634DD1771DA39B6B00354F8E /* TBBaseObject.m */ = {isa = PBXFileReference; fileEncoding = 4; lastKnownFileType = sourcecode.c.objc; path = TBBaseObject.m; sourceTree = "<group>"; };
		634DD1791DA39B6B00354F8E /* TBBaseCollectionViewCell.h */ = {isa = PBXFileReference; fileEncoding = 4; lastKnownFileType = sourcecode.c.h; path = TBBaseCollectionViewCell.h; sourceTree = "<group>"; };
		634DD17A1DA39B6B00354F8E /* TBBaseCollectionViewCell.m */ = {isa = PBXFileReference; fileEncoding = 4; lastKnownFileType = sourcecode.c.objc; path = TBBaseCollectionViewCell.m; sourceTree = "<group>"; };
		634DD17B1DA39B6B00354F8E /* TBBaseTableViewCell.h */ = {isa = PBXFileReference; fileEncoding = 4; lastKnownFileType = sourcecode.c.h; path = TBBaseTableViewCell.h; sourceTree = "<group>"; };
		634DD17C1DA39B6B00354F8E /* TBBaseTableViewCell.m */ = {isa = PBXFileReference; fileEncoding = 4; lastKnownFileType = sourcecode.c.objc; path = TBBaseTableViewCell.m; sourceTree = "<group>"; };
		634DD17D1DA39B6B00354F8E /* TBBaseView.h */ = {isa = PBXFileReference; fileEncoding = 4; lastKnownFileType = sourcecode.c.h; path = TBBaseView.h; sourceTree = "<group>"; };
		634DD17E1DA39B6B00354F8E /* TBBaseView.m */ = {isa = PBXFileReference; fileEncoding = 4; lastKnownFileType = sourcecode.c.objc; path = TBBaseView.m; sourceTree = "<group>"; };
		634DD17F1DA39B6B00354F8E /* UICollectionViewCell+TBBaseCollectionViewCell.h */ = {isa = PBXFileReference; fileEncoding = 4; lastKnownFileType = sourcecode.c.h; path = "UICollectionViewCell+TBBaseCollectionViewCell.h"; sourceTree = "<group>"; };
		634DD1801DA39B6B00354F8E /* UICollectionViewCell+TBBaseCollectionViewCell.m */ = {isa = PBXFileReference; fileEncoding = 4; lastKnownFileType = sourcecode.c.objc; path = "UICollectionViewCell+TBBaseCollectionViewCell.m"; sourceTree = "<group>"; };
		634DD1811DA39B6B00354F8E /* UITableViewCell+TBBaseTableViewCell.h */ = {isa = PBXFileReference; fileEncoding = 4; lastKnownFileType = sourcecode.c.h; path = "UITableViewCell+TBBaseTableViewCell.h"; sourceTree = "<group>"; };
		634DD1821DA39B6B00354F8E /* UITableViewCell+TBBaseTableViewCell.m */ = {isa = PBXFileReference; fileEncoding = 4; lastKnownFileType = sourcecode.c.objc; path = "UITableViewCell+TBBaseTableViewCell.m"; sourceTree = "<group>"; };
		634DD1841DA39B6B00354F8E /* TBBaseCollectionViewController.h */ = {isa = PBXFileReference; fileEncoding = 4; lastKnownFileType = sourcecode.c.h; path = TBBaseCollectionViewController.h; sourceTree = "<group>"; };
		634DD1851DA39B6B00354F8E /* TBBaseCollectionViewController.m */ = {isa = PBXFileReference; fileEncoding = 4; lastKnownFileType = sourcecode.c.objc; path = TBBaseCollectionViewController.m; sourceTree = "<group>"; };
		634DD1861DA39B6B00354F8E /* TBBaseTableViewController.h */ = {isa = PBXFileReference; fileEncoding = 4; lastKnownFileType = sourcecode.c.h; path = TBBaseTableViewController.h; sourceTree = "<group>"; };
		634DD1871DA39B6B00354F8E /* TBBaseTableViewController.m */ = {isa = PBXFileReference; fileEncoding = 4; lastKnownFileType = sourcecode.c.objc; path = TBBaseTableViewController.m; sourceTree = "<group>"; };
		634DD1881DA39B6B00354F8E /* TBBaseViewController.h */ = {isa = PBXFileReference; fileEncoding = 4; lastKnownFileType = sourcecode.c.h; path = TBBaseViewController.h; sourceTree = "<group>"; };
		634DD1891DA39B6B00354F8E /* TBBaseViewController.m */ = {isa = PBXFileReference; fileEncoding = 4; lastKnownFileType = sourcecode.c.objc; path = TBBaseViewController.m; sourceTree = "<group>"; };
		634DD18B1DA39B6B00354F8E /* Demo.png */ = {isa = PBXFileReference; lastKnownFileType = image.png; path = Demo.png; sourceTree = "<group>"; };
		634DD18C1DA39B6B00354F8E /* TBCore.h */ = {isa = PBXFileReference; fileEncoding = 4; lastKnownFileType = sourcecode.c.h; path = TBCore.h; sourceTree = "<group>"; };
		63EC7ED31CB67CCB00616634 /* libAFNetworking.a */ = {isa = PBXFileReference; lastKnownFileType = archive.ar; name = libAFNetworking.a; path = "../../../../../../Library/Developer/Xcode/DerivedData/TBCoreTest-dikiqdraozrnktbcgmechjdabtdu/Build/Products/Debug-iphoneos/libAFNetworking.a"; sourceTree = "<group>"; };
		63EC7ED41CB67CCB00616634 /* libSVPullToRefresh.a */ = {isa = PBXFileReference; lastKnownFileType = archive.ar; name = libSVPullToRefresh.a; path = "../../../../../../Library/Developer/Xcode/DerivedData/TBCoreTest-dikiqdraozrnktbcgmechjdabtdu/Build/Products/Debug-iphoneos/libSVPullToRefresh.a"; sourceTree = "<group>"; };
		8DD7120C14152A56A068CB8D /* Pods-TBCoreTest.release.xcconfig */ = {isa = PBXFileReference; includeInIndex = 1; lastKnownFileType = text.xcconfig; name = "Pods-TBCoreTest.release.xcconfig"; path = "Pods/Target Support Files/Pods-TBCoreTest/Pods-TBCoreTest.release.xcconfig"; sourceTree = "<group>"; };
		AF9EC47C63A6DC437E655081 /* libPods-TBCoreTest.a */ = {isa = PBXFileReference; explicitFileType = archive.ar; includeInIndex = 0; path = "libPods-TBCoreTest.a"; sourceTree = BUILT_PRODUCTS_DIR; };
/* End PBXFileReference section */

/* Begin PBXFrameworksBuildPhase section */
		63028CF91CB518BD00682FBD /* Frameworks */ = {
			isa = PBXFrameworksBuildPhase;
			buildActionMask = 2147483647;
			files = (
				63EC7ED51CB67CCB00616634 /* libAFNetworking.a in Frameworks */,
				63EC7ED61CB67CCB00616634 /* libSVPullToRefresh.a in Frameworks */,
				B5DB67A54A3E68E5C57DFE76 /* libPods-TBCoreTest.a in Frameworks */,
			);
			runOnlyForDeploymentPostprocessing = 0;
		};
/* End PBXFrameworksBuildPhase section */

/* Begin PBXGroup section */
		63028CF31CB518BD00682FBD = {
			isa = PBXGroup;
			children = (
				63028CFE1CB518BD00682FBD /* TBCoreTest */,
				63028CFD1CB518BD00682FBD /* Products */,
				70D86868BA8F934874700BA1 /* Pods */,
				D2F0972E390D3A0F915C6741 /* Frameworks */,
			);
			sourceTree = "<group>";
		};
		63028CFD1CB518BD00682FBD /* Products */ = {
			isa = PBXGroup;
			children = (
				63028CFC1CB518BD00682FBD /* TBCoreTest.app */,
			);
			name = Products;
			sourceTree = "<group>";
		};
		63028CFE1CB518BD00682FBD /* TBCoreTest */ = {
			isa = PBXGroup;
			children = (
				634DD0FA1DA39B6B00354F8E /* TBCore */,
				63028D021CB518BD00682FBD /* AppDelegate.h */,
				63028D031CB518BD00682FBD /* AppDelegate.m */,
				63028D051CB518BD00682FBD /* ViewController.h */,
				63028D061CB518BD00682FBD /* ViewController.m */,
				63028D081CB518BD00682FBD /* Main.storyboard */,
				63028D0B1CB518BD00682FBD /* Assets.xcassets */,
				63028D0D1CB518BD00682FBD /* LaunchScreen.storyboard */,
				63028D101CB518BD00682FBD /* Info.plist */,
				63028CFF1CB518BD00682FBD /* Supporting Files */,
			);
			path = TBCoreTest;
			sourceTree = "<group>";
		};
		63028CFF1CB518BD00682FBD /* Supporting Files */ = {
			isa = PBXGroup;
			children = (
				63028D001CB518BD00682FBD /* main.m */,
			);
			name = "Supporting Files";
			sourceTree = "<group>";
		};
		634DD0FA1DA39B6B00354F8E /* TBCore */ = {
			isa = PBXGroup;
			children = (
				634DD0FB1DA39B6B00354F8E /* 01-Define */,
				634DD0FE1DA39B6B00354F8E /* 02-Category */,
				634DD1651DA39B6B00354F8E /* 08-Service */,
				634DD16C1DA39B6B00354F8E /* 09-Base */,
				634DD18A1DA39B6B00354F8E /* 99-Resouces */,
				634DD18C1DA39B6B00354F8E /* TBCore.h */,
			);
			path = TBCore;
			sourceTree = "<group>";
		};
		634DD0FB1DA39B6B00354F8E /* 01-Define */ = {
			isa = PBXGroup;
			children = (
				634DD0FC1DA39B6B00354F8E /* TB-Header-Define.h */,
				634DD0FD1DA39B6B00354F8E /* TBDefineCore.h */,
			);
			path = "01-Define";
			sourceTree = "<group>";
		};
		634DD0FE1DA39B6B00354F8E /* 02-Category */ = {
			isa = PBXGroup;
			children = (
				634DD0FF1DA39B6B00354F8E /* 01-UI */,
				634DD13A1DA39B6B00354F8E /* 02-NS */,
				634DD1611DA39B6B00354F8E /* 99-3rd */,
			);
			path = "02-Category";
			sourceTree = "<group>";
		};
		634DD0FF1DA39B6B00354F8E /* 01-UI */ = {
			isa = PBXGroup;
			children = (
				634DD1001DA39B6B00354F8E /* 01-UIColor */,
				634DD1061DA39B6B00354F8E /* 02-UIFont */,
				634DD10A1DA39B6B00354F8E /* 20-UIView */,
				634DD1181DA39B6B00354F8E /* 21-UIImageView */,
				634DD11C1DA39B6B00354F8E /* 22-UILabel */,
				634DD1201DA39B6B00354F8E /* 23-UIButton */,
				634DD1241DA39B6B00354F8E /* 29-UIAlertView */,
				634DD1281DA39B6B00354F8E /* 30-UIStoryboard */,
				634DD12C1DA39B6B00354F8E /* 31-UINavigationBar */,
				634DD1301DA39B6B00354F8E /* 40-UIViewController */,
				634DD1341DA39B6B00354F8E /* 41-UINavigationController */,
			);
			path = "01-UI";
			sourceTree = "<group>";
		};
		634DD1001DA39B6B00354F8E /* 01-UIColor */ = {
			isa = PBXGroup;
			children = (
				634DD1011DA39B6B00354F8E /* TB-Header-UIColor.h */,
				634DD1021DA39B6B00354F8E /* UIColor+TBCore.h */,
				634DD1031DA39B6B00354F8E /* UIColor+TBCore.m */,
				634DD1041DA39B6B00354F8E /* UIColor+TBHex.h */,
				634DD1051DA39B6B00354F8E /* UIColor+TBHex.m */,
			);
			path = "01-UIColor";
			sourceTree = "<group>";
		};
		634DD1061DA39B6B00354F8E /* 02-UIFont */ = {
			isa = PBXGroup;
			children = (
				634DD1071DA39B6B00354F8E /* TB-Header-UIFont.h */,
				634DD1081DA39B6B00354F8E /* UIFont+TBCore.h */,
				634DD1091DA39B6B00354F8E /* UIFont+TBCore.m */,
			);
			path = "02-UIFont";
			sourceTree = "<group>";
		};
		634DD10A1DA39B6B00354F8E /* 20-UIView */ = {
			isa = PBXGroup;
			children = (
				634DD10B1DA39B6B00354F8E /* TB-Header-UIView.h */,
				634DD10C1DA39B6B00354F8E /* UIView+TBBorder.h */,
				634DD10D1DA39B6B00354F8E /* UIView+TBBorder.m */,
				634DD10E1DA39B6B00354F8E /* UIView+TBCore.h */,
				634DD10F1DA39B6B00354F8E /* UIView+TBCore.m */,
				634DD1101DA39B6B00354F8E /* UIView+TBFrame.h */,
				634DD1111DA39B6B00354F8E /* UIView+TBFrame.m */,
				634DD1121DA39B6B00354F8E /* UIView+TBHandle.h */,
				634DD1131DA39B6B00354F8E /* UIView+TBHandle.m */,
				634DD1141DA39B6B00354F8E /* UIView+TBLine.h */,
				634DD1151DA39B6B00354F8E /* UIView+TBLine.m */,
				634DD1161DA39B6B00354F8E /* UIView+TBTag.h */,
				634DD1171DA39B6B00354F8E /* UIView+TBTag.m */,
			);
			path = "20-UIView";
			sourceTree = "<group>";
		};
		634DD1181DA39B6B00354F8E /* 21-UIImageView */ = {
			isa = PBXGroup;
			children = (
				634DD1191DA39B6B00354F8E /* TB-Header-UIImageView.h */,
				634DD11A1DA39B6B00354F8E /* UIImageView+TBCore.h */,
				634DD11B1DA39B6B00354F8E /* UIImageView+TBCore.m */,
			);
			path = "21-UIImageView";
			sourceTree = "<group>";
		};
		634DD11C1DA39B6B00354F8E /* 22-UILabel */ = {
			isa = PBXGroup;
			children = (
				634DD11D1DA39B6B00354F8E /* TB-Header-UILabel.h */,
				634DD11E1DA39B6B00354F8E /* UILabel+TBResize.h */,
				634DD11F1DA39B6B00354F8E /* UILabel+TBResize.m */,
			);
			path = "22-UILabel";
			sourceTree = "<group>";
		};
		634DD1201DA39B6B00354F8E /* 23-UIButton */ = {
			isa = PBXGroup;
			children = (
				634DD1211DA39B6B00354F8E /* TB-Header-UIButton.h */,
				634DD1221DA39B6B00354F8E /* UIButton+TBCore.h */,
				634DD1231DA39B6B00354F8E /* UIButton+TBCore.m */,
			);
			path = "23-UIButton";
			sourceTree = "<group>";
		};
		634DD1241DA39B6B00354F8E /* 29-UIAlertView */ = {
			isa = PBXGroup;
			children = (
				634DD1251DA39B6B00354F8E /* TB-Header-UIAlertView.h */,
				634DD1261DA39B6B00354F8E /* UIAlertView+TBBlock.h */,
				634DD1271DA39B6B00354F8E /* UIAlertView+TBBlock.m */,
			);
			path = "29-UIAlertView";
			sourceTree = "<group>";
		};
		634DD1281DA39B6B00354F8E /* 30-UIStoryboard */ = {
			isa = PBXGroup;
			children = (
				634DD1291DA39B6B00354F8E /* TB-Header-UIStoryboard.h */,
				634DD12A1DA39B6B00354F8E /* UIStoryboard+TBCore.h */,
				634DD12B1DA39B6B00354F8E /* UIStoryboard+TBCore.m */,
			);
			path = "30-UIStoryboard";
			sourceTree = "<group>";
		};
		634DD12C1DA39B6B00354F8E /* 31-UINavigationBar */ = {
			isa = PBXGroup;
			children = (
				634DD12D1DA39B6B00354F8E /* TB-Header-UINavigationBar.h */,
				634DD12E1DA39B6B00354F8E /* UINavigationBar+TBCore.h */,
				634DD12F1DA39B6B00354F8E /* UINavigationBar+TBCore.m */,
			);
			path = "31-UINavigationBar";
			sourceTree = "<group>";
		};
		634DD1301DA39B6B00354F8E /* 40-UIViewController */ = {
			isa = PBXGroup;
			children = (
				634DD1311DA39B6B00354F8E /* TB-Header-UIViewController.h */,
				634DD1321DA39B6B00354F8E /* UIViewController+TBCore.h */,
				634DD1331DA39B6B00354F8E /* UIViewController+TBCore.m */,
			);
			path = "40-UIViewController";
			sourceTree = "<group>";
		};
		634DD1341DA39B6B00354F8E /* 41-UINavigationController */ = {
			isa = PBXGroup;
			children = (
				634DD1351DA39B6B00354F8E /* TB-Header-UINavigationController.h */,
				634DD1361DA39B6B00354F8E /* UINavigationController+TBCore.h */,
				634DD1371DA39B6B00354F8E /* UINavigationController+TBCore.m */,
				634DD1381DA39B6B00354F8E /* UINavigationController+TBNavBarCustom.h */,
				634DD1391DA39B6B00354F8E /* UINavigationController+TBNavBarCustom.m */,
			);
			path = "41-UINavigationController";
			sourceTree = "<group>";
		};
		634DD13A1DA39B6B00354F8E /* 02-NS */ = {
			isa = PBXGroup;
			children = (
				634DD13B1DA39B6B00354F8E /* 01-NSString */,
				634DD14B1DA39B6B00354F8E /* 02-NSDictionary */,
				634DD1511DA39B6B00354F8E /* 03-NSArray */,
				634DD1571DA39B6B00354F8E /* 04-NSDate */,
				634DD15D1DA39B6B00354F8E /* 05-NSUserDefault */,
			);
			path = "02-NS";
			sourceTree = "<group>";
		};
		634DD13B1DA39B6B00354F8E /* 01-NSString */ = {
			isa = PBXGroup;
			children = (
				634DD13C1DA39B6B00354F8E /* NSString+TBChange.h */,
				634DD13D1DA39B6B00354F8E /* NSString+TBChange.m */,
				634DD13E1DA39B6B00354F8E /* NSString+TBCheck.h */,
				634DD13F1DA39B6B00354F8E /* NSString+TBCheck.m */,
				634DD1401DA39B6B00354F8E /* NSString+TBConvert.h */,
				634DD1411DA39B6B00354F8E /* NSString+TBConvert.m */,
				634DD1421DA39B6B00354F8E /* NSString+TBDevice.h */,
				634DD1431DA39B6B00354F8E /* NSString+TBDevice.m */,
				634DD1441DA39B6B00354F8E /* NSString+TBPath.h */,
				634DD1451DA39B6B00354F8E /* NSString+TBPath.m */,
				634DD1461DA39B6B00354F8E /* NSString+TBUrl.h */,
				634DD1471DA39B6B00354F8E /* NSString+TBUrl.m */,
				634DD1481DA39B6B00354F8E /* NSString+TBValid.h */,
				634DD1491DA39B6B00354F8E /* NSString+TBValid.m */,
				634DD14A1DA39B6B00354F8E /* TB-Header-NSString.h */,
			);
			path = "01-NSString";
			sourceTree = "<group>";
		};
		634DD14B1DA39B6B00354F8E /* 02-NSDictionary */ = {
			isa = PBXGroup;
			children = (
				634DD14C1DA39B6B00354F8E /* NSDictionary+TBObject.h */,
				634DD14D1DA39B6B00354F8E /* NSDictionary+TBObject.m */,
				634DD14E1DA39B6B00354F8E /* NSMutableDictionary+TBObject.h */,
				634DD14F1DA39B6B00354F8E /* NSMutableDictionary+TBObject.m */,
				634DD1501DA39B6B00354F8E /* TB-Header-NSDictionary.h */,
			);
			path = "02-NSDictionary";
			sourceTree = "<group>";
		};
		634DD1511DA39B6B00354F8E /* 03-NSArray */ = {
			isa = PBXGroup;
			children = (
				634DD1521DA39B6B00354F8E /* NSArray+TBObject.h */,
				634DD1531DA39B6B00354F8E /* NSArray+TBObject.m */,
				634DD1541DA39B6B00354F8E /* NSMutableArray+TBObject.h */,
				634DD1551DA39B6B00354F8E /* NSMutableArray+TBObject.m */,
				634DD1561DA39B6B00354F8E /* TB-Header-NSArray.h */,
			);
			path = "03-NSArray";
			sourceTree = "<group>";
		};
		634DD1571DA39B6B00354F8E /* 04-NSDate */ = {
			isa = PBXGroup;
			children = (
				634DD1581DA39B6B00354F8E /* NSDate+TBCheck.h */,
				634DD1591DA39B6B00354F8E /* NSDate+TBCheck.m */,
				634DD15A1DA39B6B00354F8E /* NSDate+TBCore.h */,
				634DD15B1DA39B6B00354F8E /* NSDate+TBCore.m */,
				634DD15C1DA39B6B00354F8E /* TB-Header-NSDate.h */,
			);
			path = "04-NSDate";
			sourceTree = "<group>";
		};
		634DD15D1DA39B6B00354F8E /* 05-NSUserDefault */ = {
			isa = PBXGroup;
			children = (
				634DD15E1DA39B6B00354F8E /* NSUserDefaults+TBCore.h */,
				634DD15F1DA39B6B00354F8E /* NSUserDefaults+TBCore.m */,
				634DD1601DA39B6B00354F8E /* TB-Header-NSUserDefaults.h */,
			);
			path = "05-NSUserDefault";
			sourceTree = "<group>";
		};
		634DD1611DA39B6B00354F8E /* 99-3rd */ = {
			isa = PBXGroup;
			children = (
				634DD1621DA39B6B00354F8E /* 01-AutoCoding */,
			);
			path = "99-3rd";
			sourceTree = "<group>";
		};
		634DD1621DA39B6B00354F8E /* 01-AutoCoding */ = {
			isa = PBXGroup;
			children = (
				634DD1631DA39B6B00354F8E /* AutoCoding.h */,
				634DD1641DA39B6B00354F8E /* AutoCoding.m */,
			);
			path = "01-AutoCoding";
			sourceTree = "<group>";
		};
		634DD1651DA39B6B00354F8E /* 08-Service */ = {
			isa = PBXGroup;
			children = (
				634DD1661DA39B6B00354F8E /* TBAFHTTPSessionManager.h */,
				634DD1671DA39B6B00354F8E /* TBAFHTTPSessionManager.m */,
				634DD1681DA39B6B00354F8E /* TBService+Demo.h */,
				634DD1691DA39B6B00354F8E /* TBService+Demo.m */,
				634DD16A1DA39B6B00354F8E /* TBService.h */,
				634DD16B1DA39B6B00354F8E /* TBService.m */,
			);
			path = "08-Service";
			sourceTree = "<group>";
		};
		634DD16C1DA39B6B00354F8E /* 09-Base */ = {
			isa = PBXGroup;
			children = (
				634DD16D1DA39B6B00354F8E /* 01-Object */,
				634DD1781DA39B6B00354F8E /* 02-View */,
				634DD1831DA39B6B00354F8E /* 03-ViewController */,
			);
			path = "09-Base";
			sourceTree = "<group>";
		};
		634DD16D1DA39B6B00354F8E /* 01-Object */ = {
			isa = PBXGroup;
			children = (
				634DD16E1DA39B6B00354F8E /* TBBaseList.h */,
				634DD16F1DA39B6B00354F8E /* TBBaseList.m */,
				634DD1761DA39B6B00354F8E /* TBBaseObject.h */,
				634DD1771DA39B6B00354F8E /* TBBaseObject.m */,
				634DD1701DA39B6B00354F8E /* TBBaseObject+TBCell.h */,
				634DD1711DA39B6B00354F8E /* TBBaseObject+TBCell.m */,
				634DD1721DA39B6B00354F8E /* TBBaseObject+TBMutlDelegate.h */,
				634DD1731DA39B6B00354F8E /* TBBaseObject+TBMutlDelegate.m */,
				634DD1741DA39B6B00354F8E /* TBBaseObject+TBUserDefault.h */,
				634DD1751DA39B6B00354F8E /* TBBaseObject+TBUserDefault.m */,
			);
			path = "01-Object";
			sourceTree = "<group>";
		};
		634DD1781DA39B6B00354F8E /* 02-View */ = {
			isa = PBXGroup;
			children = (
				634DD1791DA39B6B00354F8E /* TBBaseCollectionViewCell.h */,
				634DD17A1DA39B6B00354F8E /* TBBaseCollectionViewCell.m */,
				634DD17B1DA39B6B00354F8E /* TBBaseTableViewCell.h */,
				634DD17C1DA39B6B00354F8E /* TBBaseTableViewCell.m */,
				634DD17D1DA39B6B00354F8E /* TBBaseView.h */,
				634DD17E1DA39B6B00354F8E /* TBBaseView.m */,
				634DD17F1DA39B6B00354F8E /* UICollectionViewCell+TBBaseCollectionViewCell.h */,
				634DD1801DA39B6B00354F8E /* UICollectionViewCell+TBBaseCollectionViewCell.m */,
				634DD1811DA39B6B00354F8E /* UITableViewCell+TBBaseTableViewCell.h */,
				634DD1821DA39B6B00354F8E /* UITableViewCell+TBBaseTableViewCell.m */,
			);
			path = "02-View";
			sourceTree = "<group>";
		};
		634DD1831DA39B6B00354F8E /* 03-ViewController */ = {
			isa = PBXGroup;
			children = (
				634DD1841DA39B6B00354F8E /* TBBaseCollectionViewController.h */,
				634DD1851DA39B6B00354F8E /* TBBaseCollectionViewController.m */,
				634DD1861DA39B6B00354F8E /* TBBaseTableViewController.h */,
				634DD1871DA39B6B00354F8E /* TBBaseTableViewController.m */,
				634DD1881DA39B6B00354F8E /* TBBaseViewController.h */,
				634DD1891DA39B6B00354F8E /* TBBaseViewController.m */,
			);
			path = "03-ViewController";
			sourceTree = "<group>";
		};
		634DD18A1DA39B6B00354F8E /* 99-Resouces */ = {
			isa = PBXGroup;
			children = (
				634DD18B1DA39B6B00354F8E /* Demo.png */,
			);
			path = "99-Resouces";
			sourceTree = "<group>";
		};
		70D86868BA8F934874700BA1 /* Pods */ = {
			isa = PBXGroup;
			children = (
				4E401F4B570C924A7BAC9832 /* Pods-TBCoreTest.debug.xcconfig */,
				8DD7120C14152A56A068CB8D /* Pods-TBCoreTest.release.xcconfig */,
			);
			name = Pods;
			sourceTree = "<group>";
		};
		D2F0972E390D3A0F915C6741 /* Frameworks */ = {
			isa = PBXGroup;
			children = (
				63EC7ED31CB67CCB00616634 /* libAFNetworking.a */,
				63EC7ED41CB67CCB00616634 /* libSVPullToRefresh.a */,
				AF9EC47C63A6DC437E655081 /* libPods-TBCoreTest.a */,
			);
			name = Frameworks;
			sourceTree = "<group>";
		};
/* End PBXGroup section */

/* Begin PBXNativeTarget section */
		63028CFB1CB518BD00682FBD /* TBCoreTest */ = {
			isa = PBXNativeTarget;
			buildConfigurationList = 63028D131CB518BD00682FBD /* Build configuration list for PBXNativeTarget "TBCoreTest" */;
			buildPhases = (
				D9564C3F16A83B05CB502A56 /* Check Pods Manifest.lock */,
				63028CF81CB518BD00682FBD /* Sources */,
				63028CF91CB518BD00682FBD /* Frameworks */,
				63028CFA1CB518BD00682FBD /* Resources */,
				7ED783D8A5AECF49A841D6A8 /* Embed Pods Frameworks */,
				D365E2CCF9A8C3AAFF7A98B5 /* Copy Pods Resources */,
			);
			buildRules = (
			);
			dependencies = (
			);
			name = TBCoreTest;
			productName = TBCoreTest;
			productReference = 63028CFC1CB518BD00682FBD /* TBCoreTest.app */;
			productType = "com.apple.product-type.application";
		};
/* End PBXNativeTarget section */

/* Begin PBXProject section */
		63028CF41CB518BD00682FBD /* Project object */ = {
			isa = PBXProject;
			attributes = {
				CLASSPREFIX = TB;
				LastUpgradeCheck = 0730;
				ORGANIZATIONNAME = "Bun Le Viet";
				TargetAttributes = {
					63028CFB1CB518BD00682FBD = {
						CreatedOnToolsVersion = 7.3;
					};
				};
			};
			buildConfigurationList = 63028CF71CB518BD00682FBD /* Build configuration list for PBXProject "TBCoreTest" */;
			compatibilityVersion = "Xcode 3.2";
			developmentRegion = English;
			hasScannedForEncodings = 0;
			knownRegions = (
				en,
				Base,
			);
			mainGroup = 63028CF31CB518BD00682FBD;
			productRefGroup = 63028CFD1CB518BD00682FBD /* Products */;
			projectDirPath = "";
			projectRoot = "";
			targets = (
				63028CFB1CB518BD00682FBD /* TBCoreTest */,
			);
		};
/* End PBXProject section */

/* Begin PBXResourcesBuildPhase section */
		63028CFA1CB518BD00682FBD /* Resources */ = {
			isa = PBXResourcesBuildPhase;
			buildActionMask = 2147483647;
			files = (
				634DD1BE1DA39B6B00354F8E /* Demo.png in Resources */,
				63028D0F1CB518BD00682FBD /* LaunchScreen.storyboard in Resources */,
				63028D0C1CB518BD00682FBD /* Assets.xcassets in Resources */,
				63028D0A1CB518BD00682FBD /* Main.storyboard in Resources */,
			);
			runOnlyForDeploymentPostprocessing = 0;
		};
/* End PBXResourcesBuildPhase section */

/* Begin PBXShellScriptBuildPhase section */
		7ED783D8A5AECF49A841D6A8 /* Embed Pods Frameworks */ = {
			isa = PBXShellScriptBuildPhase;
			buildActionMask = 2147483647;
			files = (
			);
			inputPaths = (
			);
			name = "Embed Pods Frameworks";
			outputPaths = (
			);
			runOnlyForDeploymentPostprocessing = 0;
			shellPath = /bin/sh;
			shellScript = "\"${SRCROOT}/Pods/Target Support Files/Pods-TBCoreTest/Pods-TBCoreTest-frameworks.sh\"\n";
			showEnvVarsInLog = 0;
		};
		D365E2CCF9A8C3AAFF7A98B5 /* Copy Pods Resources */ = {
			isa = PBXShellScriptBuildPhase;
			buildActionMask = 2147483647;
			files = (
			);
			inputPaths = (
			);
			name = "Copy Pods Resources";
			outputPaths = (
			);
			runOnlyForDeploymentPostprocessing = 0;
			shellPath = /bin/sh;
			shellScript = "\"${SRCROOT}/Pods/Target Support Files/Pods-TBCoreTest/Pods-TBCoreTest-resources.sh\"\n";
			showEnvVarsInLog = 0;
		};
		D9564C3F16A83B05CB502A56 /* Check Pods Manifest.lock */ = {
			isa = PBXShellScriptBuildPhase;
			buildActionMask = 2147483647;
			files = (
			);
			inputPaths = (
			);
			name = "Check Pods Manifest.lock";
			outputPaths = (
			);
			runOnlyForDeploymentPostprocessing = 0;
			shellPath = /bin/sh;
			shellScript = "diff \"${PODS_ROOT}/../Podfile.lock\" \"${PODS_ROOT}/Manifest.lock\" > /dev/null\nif [[ $? != 0 ]] ; then\n    cat << EOM\nerror: The sandbox is not in sync with the Podfile.lock. Run 'pod install' or update your CocoaPods installation.\nEOM\n    exit 1\nfi\n";
			showEnvVarsInLog = 0;
		};
/* End PBXShellScriptBuildPhase section */

/* Begin PBXSourcesBuildPhase section */
		63028CF81CB518BD00682FBD /* Sources */ = {
			isa = PBXSourcesBuildPhase;
			buildActionMask = 2147483647;
			files = (
				634DD1AF1DA39B6B00354F8E /* TBService+Demo.m in Sources */,
				634DD1A31DA39B6B00354F8E /* NSString+TBPath.m in Sources */,
				634DD1B91DA39B6B00354F8E /* UICollectionViewCell+TBBaseCollectionViewCell.m in Sources */,
				634DD1BC1DA39B6B00354F8E /* TBBaseTableViewController.m in Sources */,
				63028D071CB518BD00682FBD /* ViewController.m in Sources */,
				634DD1A71DA39B6B00354F8E /* NSMutableDictionary+TBObject.m in Sources */,
				634DD1B11DA39B6B00354F8E /* TBBaseList.m in Sources */,
				634DD1B51DA39B6B00354F8E /* TBBaseObject.m in Sources */,
				634DD1A11DA39B6B00354F8E /* NSString+TBConvert.m in Sources */,
				634DD1A21DA39B6B00354F8E /* NSString+TBDevice.m in Sources */,
				634DD1B61DA39B6B00354F8E /* TBBaseCollectionViewCell.m in Sources */,
				634DD1901DA39B6B00354F8E /* UIView+TBBorder.m in Sources */,
				634DD18F1DA39B6B00354F8E /* UIFont+TBCore.m in Sources */,
				634DD19F1DA39B6B00354F8E /* NSString+TBChange.m in Sources */,
				634DD1921DA39B6B00354F8E /* UIView+TBFrame.m in Sources */,
				63028D041CB518BD00682FBD /* AppDelegate.m in Sources */,
				634DD1A61DA39B6B00354F8E /* NSDictionary+TBObject.m in Sources */,
				634DD19E1DA39B6B00354F8E /* UINavigationController+TBNavBarCustom.m in Sources */,
				634DD1BA1DA39B6B00354F8E /* UITableViewCell+TBBaseTableViewCell.m in Sources */,
				634DD18D1DA39B6B00354F8E /* UIColor+TBCore.m in Sources */,
				634DD1911DA39B6B00354F8E /* UIView+TBCore.m in Sources */,
				63028D011CB518BD00682FBD /* main.m in Sources */,
				634DD1B21DA39B6B00354F8E /* TBBaseObject+TBCell.m in Sources */,
				634DD1B71DA39B6B00354F8E /* TBBaseTableViewCell.m in Sources */,
				634DD1AE1DA39B6B00354F8E /* TBAFHTTPSessionManager.m in Sources */,
				634DD19B1DA39B6B00354F8E /* UINavigationBar+TBCore.m in Sources */,
				634DD1B01DA39B6B00354F8E /* TBService.m in Sources */,
				634DD1A51DA39B6B00354F8E /* NSString+TBValid.m in Sources */,
				634DD1AA1DA39B6B00354F8E /* NSDate+TBCheck.m in Sources */,
				634DD1971DA39B6B00354F8E /* UILabel+TBResize.m in Sources */,
				634DD19D1DA39B6B00354F8E /* UINavigationController+TBCore.m in Sources */,
				634DD1B41DA39B6B00354F8E /* TBBaseObject+TBUserDefault.m in Sources */,
				634DD1941DA39B6B00354F8E /* UIView+TBLine.m in Sources */,
				634DD1AC1DA39B6B00354F8E /* NSUserDefaults+TBCore.m in Sources */,
				634DD19A1DA39B6B00354F8E /* UIStoryboard+TBCore.m in Sources */,
				634DD1BB1DA39B6B00354F8E /* TBBaseCollectionViewController.m in Sources */,
				634DD1931DA39B6B00354F8E /* UIView+TBHandle.m in Sources */,
				634DD1A91DA39B6B00354F8E /* NSMutableArray+TBObject.m in Sources */,
				634DD19C1DA39B6B00354F8E /* UIViewController+TBCore.m in Sources */,
				634DD1A01DA39B6B00354F8E /* NSString+TBCheck.m in Sources */,
				634DD1961DA39B6B00354F8E /* UIImageView+TBCore.m in Sources */,
				634DD1981DA39B6B00354F8E /* UIButton+TBCore.m in Sources */,
				634DD1A41DA39B6B00354F8E /* NSString+TBUrl.m in Sources */,
				634DD1A81DA39B6B00354F8E /* NSArray+TBObject.m in Sources */,
				634DD1991DA39B6B00354F8E /* UIAlertView+TBBlock.m in Sources */,
				634DD1AD1DA39B6B00354F8E /* AutoCoding.m in Sources */,
				634DD18E1DA39B6B00354F8E /* UIColor+TBHex.m in Sources */,
				634DD1951DA39B6B00354F8E /* UIView+TBTag.m in Sources */,
				634DD1B81DA39B6B00354F8E /* TBBaseView.m in Sources */,
				634DD1BD1DA39B6B00354F8E /* TBBaseViewController.m in Sources */,
				634DD1B31DA39B6B00354F8E /* TBBaseObject+TBMutlDelegate.m in Sources */,
				634DD1AB1DA39B6B00354F8E /* NSDate+TBCore.m in Sources */,
			);
			runOnlyForDeploymentPostprocessing = 0;
		};
/* End PBXSourcesBuildPhase section */

/* Begin PBXVariantGroup section */
		63028D081CB518BD00682FBD /* Main.storyboard */ = {
			isa = PBXVariantGroup;
			children = (
				63028D091CB518BD00682FBD /* Base */,
			);
			name = Main.storyboard;
			sourceTree = "<group>";
		};
		63028D0D1CB518BD00682FBD /* LaunchScreen.storyboard */ = {
			isa = PBXVariantGroup;
			children = (
				63028D0E1CB518BD00682FBD /* Base */,
			);
			name = LaunchScreen.storyboard;
			sourceTree = "<group>";
		};
/* End PBXVariantGroup section */

/* Begin XCBuildConfiguration section */
		63028D111CB518BD00682FBD /* Debug */ = {
			isa = XCBuildConfiguration;
			buildSettings = {
				ALWAYS_SEARCH_USER_PATHS = NO;
				CLANG_ANALYZER_NONNULL = YES;
				CLANG_CXX_LANGUAGE_STANDARD = "gnu++0x";
				CLANG_CXX_LIBRARY = "libc++";
				CLANG_ENABLE_MODULES = YES;
				CLANG_ENABLE_OBJC_ARC = YES;
				CLANG_WARN_BOOL_CONVERSION = YES;
				CLANG_WARN_CONSTANT_CONVERSION = YES;
				CLANG_WARN_DIRECT_OBJC_ISA_USAGE = YES_ERROR;
				CLANG_WARN_EMPTY_BODY = YES;
				CLANG_WARN_ENUM_CONVERSION = YES;
				CLANG_WARN_INT_CONVERSION = YES;
				CLANG_WARN_OBJC_ROOT_CLASS = YES_ERROR;
				CLANG_WARN_UNREACHABLE_CODE = YES;
				CLANG_WARN__DUPLICATE_METHOD_MATCH = YES;
				"CODE_SIGN_IDENTITY[sdk=iphoneos*]" = "iPhone Developer";
				COPY_PHASE_STRIP = NO;
				DEBUG_INFORMATION_FORMAT = dwarf;
				ENABLE_STRICT_OBJC_MSGSEND = YES;
				ENABLE_TESTABILITY = YES;
				GCC_C_LANGUAGE_STANDARD = gnu99;
				GCC_DYNAMIC_NO_PIC = NO;
				GCC_NO_COMMON_BLOCKS = YES;
				GCC_OPTIMIZATION_LEVEL = 0;
				GCC_PREPROCESSOR_DEFINITIONS = (
					"DEBUG=1",
					"$(inherited)",
				);
				GCC_WARN_64_TO_32_BIT_CONVERSION = YES;
				GCC_WARN_ABOUT_RETURN_TYPE = YES_ERROR;
				GCC_WARN_UNDECLARED_SELECTOR = YES;
				GCC_WARN_UNINITIALIZED_AUTOS = YES_AGGRESSIVE;
				GCC_WARN_UNUSED_FUNCTION = YES;
				GCC_WARN_UNUSED_VARIABLE = YES;
				IPHONEOS_DEPLOYMENT_TARGET = 7.0;
				MTL_ENABLE_DEBUG_INFO = YES;
				ONLY_ACTIVE_ARCH = YES;
				SDKROOT = iphoneos;
				TARGETED_DEVICE_FAMILY = "1,2";
			};
			name = Debug;
		};
		63028D121CB518BD00682FBD /* Release */ = {
			isa = XCBuildConfiguration;
			buildSettings = {
				ALWAYS_SEARCH_USER_PATHS = NO;
				CLANG_ANALYZER_NONNULL = YES;
				CLANG_CXX_LANGUAGE_STANDARD = "gnu++0x";
				CLANG_CXX_LIBRARY = "libc++";
				CLANG_ENABLE_MODULES = YES;
				CLANG_ENABLE_OBJC_ARC = YES;
				CLANG_WARN_BOOL_CONVERSION = YES;
				CLANG_WARN_CONSTANT_CONVERSION = YES;
				CLANG_WARN_DIRECT_OBJC_ISA_USAGE = YES_ERROR;
				CLANG_WARN_EMPTY_BODY = YES;
				CLANG_WARN_ENUM_CONVERSION = YES;
				CLANG_WARN_INT_CONVERSION = YES;
				CLANG_WARN_OBJC_ROOT_CLASS = YES_ERROR;
				CLANG_WARN_UNREACHABLE_CODE = YES;
				CLANG_WARN__DUPLICATE_METHOD_MATCH = YES;
				"CODE_SIGN_IDENTITY[sdk=iphoneos*]" = "iPhone Developer";
				COPY_PHASE_STRIP = NO;
				DEBUG_INFORMATION_FORMAT = "dwarf-with-dsym";
				ENABLE_NS_ASSERTIONS = NO;
				ENABLE_STRICT_OBJC_MSGSEND = YES;
				GCC_C_LANGUAGE_STANDARD = gnu99;
				GCC_NO_COMMON_BLOCKS = YES;
				GCC_WARN_64_TO_32_BIT_CONVERSION = YES;
				GCC_WARN_ABOUT_RETURN_TYPE = YES_ERROR;
				GCC_WARN_UNDECLARED_SELECTOR = YES;
				GCC_WARN_UNINITIALIZED_AUTOS = YES_AGGRESSIVE;
				GCC_WARN_UNUSED_FUNCTION = YES;
				GCC_WARN_UNUSED_VARIABLE = YES;
				IPHONEOS_DEPLOYMENT_TARGET = 7.0;
				MTL_ENABLE_DEBUG_INFO = NO;
				SDKROOT = iphoneos;
				TARGETED_DEVICE_FAMILY = "1,2";
				VALIDATE_PRODUCT = YES;
			};
			name = Release;
		};
		63028D141CB518BD00682FBD /* Debug */ = {
			isa = XCBuildConfiguration;
			baseConfigurationReference = 4E401F4B570C924A7BAC9832 /* Pods-TBCoreTest.debug.xcconfig */;
			buildSettings = {
				ASSETCATALOG_COMPILER_APPICON_NAME = AppIcon;
				INFOPLIST_FILE = TBCoreTest/Info.plist;
				IPHONEOS_DEPLOYMENT_TARGET = 7.0;
				LD_RUNPATH_SEARCH_PATHS = "$(inherited) @executable_path/Frameworks";
				LIBRARY_SEARCH_PATHS = (
					"$(inherited)",
					"$(PROJECT_DIR)/TBCoreTest",
				);
				PRODUCT_BUNDLE_IDENTIFIER = "BunLV-Solution.TBCoreTest";
				PRODUCT_NAME = "$(TARGET_NAME)";
			};
			name = Debug;
		};
		63028D151CB518BD00682FBD /* Release */ = {
			isa = XCBuildConfiguration;
			baseConfigurationReference = 8DD7120C14152A56A068CB8D /* Pods-TBCoreTest.release.xcconfig */;
			buildSettings = {
				ASSETCATALOG_COMPILER_APPICON_NAME = AppIcon;
				INFOPLIST_FILE = TBCoreTest/Info.plist;
				IPHONEOS_DEPLOYMENT_TARGET = 7.0;
				LD_RUNPATH_SEARCH_PATHS = "$(inherited) @executable_path/Frameworks";
				LIBRARY_SEARCH_PATHS = (
					"$(inherited)",
					"$(PROJECT_DIR)/TBCoreTest",
				);
				PRODUCT_BUNDLE_IDENTIFIER = "BunLV-Solution.TBCoreTest";
				PRODUCT_NAME = "$(TARGET_NAME)";
			};
			name = Release;
		};
/* End XCBuildConfiguration section */

/* Begin XCConfigurationList section */
		63028CF71CB518BD00682FBD /* Build configuration list for PBXProject "TBCoreTest" */ = {
			isa = XCConfigurationList;
			buildConfigurations = (
				63028D111CB518BD00682FBD /* Debug */,
				63028D121CB518BD00682FBD /* Release */,
			);
			defaultConfigurationIsVisible = 0;
			defaultConfigurationName = Release;
		};
		63028D131CB518BD00682FBD /* Build configuration list for PBXNativeTarget "TBCoreTest" */ = {
			isa = XCConfigurationList;
			buildConfigurations = (
				63028D141CB518BD00682FBD /* Debug */,
				63028D151CB518BD00682FBD /* Release */,
			);
			defaultConfigurationIsVisible = 0;
			defaultConfigurationName = Release;
		};
/* End XCConfigurationList section */
	};
	rootObject = 63028CF41CB518BD00682FBD /* Project object */;
}
